// !$*UTF8*$!
{
	archiveVersion = 1;
	classes = {
	};
	objectVersion = 46;
	objects = {

/* Begin PBXBuildFile section */
		07492C38EC7234BA5BC07E2D /* Pods_Main.framework in Frameworks */ = {isa = PBXBuildFile; fileRef = 76BF15ADA0F0F60409D3A06B /* Pods_Main.framework */; };
		2F84A32A25BDF4E13B03439B /* Pods_MainUITests.framework in Frameworks */ = {isa = PBXBuildFile; fileRef = 577EFFAF39002CEE034B2CD2 /* Pods_MainUITests.framework */; };
		AC5C5AE973CECF1AA9382FFD /* EarlGrey.framework in Frameworks */ = {isa = PBXBuildFile; fileRef = 3E3B8C9AC5D6AC68B8DCF559 /* EarlGrey.framework */; };
		B41567B131E1FC5139AF5E09 /* EarlGrey.framework in EarlGrey Copy Files */ = {isa = PBXBuildFile; fileRef = 3E3B8C9AC5D6AC68B8DCF559 /* EarlGrey.framework */; settings = {ATTRIBUTES = (CodeSignOnCopy, ); }; };
		B42545446DD75719E2A2AB2C /* Pods_MainEarlGreyTests.framework in Frameworks */ = {isa = PBXBuildFile; fileRef = 0E1FBBB6F184C80AD40E18CF /* Pods_MainEarlGreyTests.framework */; };
		CB50F4AE9E2DE5797C2D1764 /* EarlGrey.swift in Sources */ = {isa = PBXBuildFile; fileRef = 9E0602726EFB3BF208B7CB57 /* EarlGrey.swift */; };
		F408BBD21DCC760800DC910B /* Tests.swift in Sources */ = {isa = PBXBuildFile; fileRef = F47CDF9E1DCC648800F44729 /* Tests.swift */; };
		F408BBD91DCC767800DC910B /* Mudox.swift in Sources */ = {isa = PBXBuildFile; fileRef = F408BBD81DCC767800DC910B /* Mudox.swift */; };
		F442A48E1DD0CBF200A8E85D /* MainTests.swift in Sources */ = {isa = PBXBuildFile; fileRef = F442A48D1DD0CBF200A8E85D /* MainTests.swift */; };
		F442A4D11DD0DA7C00A8E85D /* UITests.swift in Sources */ = {isa = PBXBuildFile; fileRef = F442A4CD1DD0D8C100A8E85D /* UITests.swift */; };
		F442A4D21DD0DA9100A8E85D /* BasicsTests.swift in Sources */ = {isa = PBXBuildFile; fileRef = F442A4CB1DD0D8C100A8E85D /* BasicsTests.swift */; };
		F47CDF9F1DCC648800F44729 /* AppDelegate.swift in Sources */ = {isa = PBXBuildFile; fileRef = F47CDF3F1DCC648800F44729 /* AppDelegate.swift */; };
		F47CDFA01DCC648800F44729 /* Assets.xcassets in Resources */ = {isa = PBXBuildFile; fileRef = F47CDF401DCC648800F44729 /* Assets.xcassets */; };
		F47CDFA11DCC648800F44729 /* LaunchScreen.storyboard in Resources */ = {isa = PBXBuildFile; fileRef = F47CDF411DCC648800F44729 /* LaunchScreen.storyboard */; };
		F47CDFA31DCC648800F44729 /* Main.storyboard in Resources */ = {isa = PBXBuildFile; fileRef = F47CDF451DCC648800F44729 /* Main.storyboard */; };
		F47CDFA41DCC648800F44729 /* CNFemaleNames in Resources */ = {isa = PBXBuildFile; fileRef = F47CDF481DCC648800F44729 /* CNFemaleNames */; };
		F47CDFA51DCC648800F44729 /* CNMaleNames in Resources */ = {isa = PBXBuildFile; fileRef = F47CDF491DCC648800F44729 /* CNMaleNames */; };
		F47CDFA61DCC648800F44729 /* CNSurnames in Resources */ = {isa = PBXBuildFile; fileRef = F47CDF4A1DCC648800F44729 /* CNSurnames */; };
		F47CDFA71DCC648800F44729 /* DataSource.swift in Sources */ = {isa = PBXBuildFile; fileRef = F47CDF4B1DCC648800F44729 /* DataSource.swift */; };
		F47CDFA81DCC648800F44729 /* PlaceholderImageGenerator.swift in Sources */ = {isa = PBXBuildFile; fileRef = F47CDF4D1DCC648800F44729 /* PlaceholderImageGenerator.swift */; };
		F47CDFA91DCC648800F44729 /* PlaceholderImageSource.swift in Sources */ = {isa = PBXBuildFile; fileRef = F47CDF4E1DCC648800F44729 /* PlaceholderImageSource.swift */; };
		F47CDFAA1DCC648800F44729 /* LyricsParser.swift in Sources */ = {isa = PBXBuildFile; fileRef = F47CDF501DCC648800F44729 /* LyricsParser.swift */; };
		F47CDFAB1DCC648800F44729 /* MetaInspector.swift in Sources */ = {isa = PBXBuildFile; fileRef = F47CDF511DCC648800F44729 /* MetaInspector.swift */; };
		F47CDFAC1DCC648800F44729 /* MusicList.swift in Sources */ = {isa = PBXBuildFile; fileRef = F47CDF521DCC648800F44729 /* MusicList.swift */; };
		F47CDFAD1DCC648800F44729 /* News-1.jpg in Resources */ = {isa = PBXBuildFile; fileRef = F47CDF551DCC648800F44729 /* News-1.jpg */; };
		F47CDFAE1DCC648800F44729 /* News-2.jpg in Resources */ = {isa = PBXBuildFile; fileRef = F47CDF561DCC648800F44729 /* News-2.jpg */; };
		F47CDFAF1DCC648800F44729 /* News-3.jpg in Resources */ = {isa = PBXBuildFile; fileRef = F47CDF571DCC648800F44729 /* News-3.jpg */; };
		F47CDFB01DCC648800F44729 /* News-4.jpg in Resources */ = {isa = PBXBuildFile; fileRef = F47CDF581DCC648800F44729 /* News-4.jpg */; };
		F47CDFB11DCC648800F44729 /* News-5.jpg in Resources */ = {isa = PBXBuildFile; fileRef = F47CDF591DCC648800F44729 /* News-5.jpg */; };
		F47CDFB21DCC648800F44729 /* News-6.jpg in Resources */ = {isa = PBXBuildFile; fileRef = F47CDF5A1DCC648800F44729 /* News-6.jpg */; };
		F47CDFB31DCC648800F44729 /* News-7.jpg in Resources */ = {isa = PBXBuildFile; fileRef = F47CDF5B1DCC648800F44729 /* News-7.jpg */; };
		F47CDFB41DCC648800F44729 /* News-8.jpg in Resources */ = {isa = PBXBuildFile; fileRef = F47CDF5C1DCC648800F44729 /* News-8.jpg */; };
		F47CDFB51DCC648800F44729 /* News-9.jpg in Resources */ = {isa = PBXBuildFile; fileRef = F47CDF5D1DCC648800F44729 /* News-9.jpg */; };
		F47CDFB61DCC648800F44729 /* News.json in Resources */ = {isa = PBXBuildFile; fileRef = F47CDF5E1DCC648800F44729 /* News.json */; };
		F47CDFB71DCC648800F44729 /* News.swift in Sources */ = {isa = PBXBuildFile; fileRef = F47CDF5F1DCC648800F44729 /* News.swift */; };
		F47CDFB81DCC648800F44729 /* RandomDataSource.swift in Sources */ = {isa = PBXBuildFile; fileRef = F47CDF601DCC648800F44729 /* RandomDataSource.swift */; };
		F47CDFB91DCC648800F44729 /* Student.swift in Sources */ = {isa = PBXBuildFile; fileRef = F47CDF621DCC648800F44729 /* Student.swift */; };
		F47CDFBB1DCC648800F44729 /* Menu.json in Resources */ = {isa = PBXBuildFile; fileRef = F47CDF651DCC648800F44729 /* Menu.json */; };
		F47CDFBC1DCC648800F44729 /* Menu.swift in Sources */ = {isa = PBXBuildFile; fileRef = F47CDF661DCC648800F44729 /* Menu.swift */; };
		F47CDFBD1DCC648800F44729 /* RootMenuTableViewCell.swift in Sources */ = {isa = PBXBuildFile; fileRef = F47CDF671DCC648800F44729 /* RootMenuTableViewCell.swift */; };
		F47CDFBE1DCC648800F44729 /* RootMenuViewController.swift in Sources */ = {isa = PBXBuildFile; fileRef = F47CDF681DCC648800F44729 /* RootMenuViewController.swift */; };
		F47CDFBF1DCC648800F44729 /* RootNavigationController.swift in Sources */ = {isa = PBXBuildFile; fileRef = F47CDF691DCC648800F44729 /* RootNavigationController.swift */; };
		F47CDFC01DCC648800F44729 /* YDTintedLabel.swift in Sources */ = {isa = PBXBuildFile; fileRef = F47CDF6A1DCC648800F44729 /* YDTintedLabel.swift */; };
		F47CDFC11DCC648800F44729 /* PopAnimation.storyboard in Resources */ = {isa = PBXBuildFile; fileRef = F47CDF6E1DCC648800F44729 /* PopAnimation.storyboard */; };
		F47CDFC21DCC648800F44729 /* PopLabelMovingTableViewController.swift in Sources */ = {isa = PBXBuildFile; fileRef = F47CDF6F1DCC648800F44729 /* PopLabelMovingTableViewController.swift */; };
		F47CDFC31DCC648800F44729 /* CustomNavigationControllerViewController.swift in Sources */ = {isa = PBXBuildFile; fileRef = F47CDF741DCC648800F44729 /* CustomNavigationControllerViewController.swift */; };
		F47CDFC41DCC648800F44729 /* NavigationContentViewController.swift in Sources */ = {isa = PBXBuildFile; fileRef = F47CDF751DCC648800F44729 /* NavigationContentViewController.swift */; };
		F47CDFC51DCC648800F44729 /* NavigationController.storyboard in Resources */ = {isa = PBXBuildFile; fileRef = F47CDF761DCC648800F44729 /* NavigationController.storyboard */; };
		F47CDFC61DCC648800F44729 /* CenteredZoomOutScrollView.swift in Sources */ = {isa = PBXBuildFile; fileRef = F47CDF781DCC648800F44729 /* CenteredZoomOutScrollView.swift */; };
		F47CDFC71DCC648800F44729 /* ScrollView.storyboard in Resources */ = {isa = PBXBuildFile; fileRef = F47CDF791DCC648800F44729 /* ScrollView.storyboard */; };
		F47CDFC81DCC648800F44729 /* ScrollViewExercisesTableViewController.swift in Sources */ = {isa = PBXBuildFile; fileRef = F47CDF7A1DCC648800F44729 /* ScrollViewExercisesTableViewController.swift */; };
		F47CDFC91DCC648800F44729 /* ScrollViewInspectorTableViewController.swift in Sources */ = {isa = PBXBuildFile; fileRef = F47CDF7B1DCC648800F44729 /* ScrollViewInspectorTableViewController.swift */; };
		F47CDFCA1DCC648800F44729 /* CustomTabBar.swift in Sources */ = {isa = PBXBuildFile; fileRef = F47CDF7D1DCC648800F44729 /* CustomTabBar.swift */; };
		F47CDFCB1DCC648800F44729 /* CustomTabBarController.swift in Sources */ = {isa = PBXBuildFile; fileRef = F47CDF7E1DCC648800F44729 /* CustomTabBarController.swift */; };
		F47CDFCC1DCC648800F44729 /* ImageBrowserViewController.swift in Sources */ = {isa = PBXBuildFile; fileRef = F47CDF7F1DCC648800F44729 /* ImageBrowserViewController.swift */; };
		F47CDFCD1DCC648800F44729 /* NewsListTableViewCell.swift in Sources */ = {isa = PBXBuildFile; fileRef = F47CDF801DCC648800F44729 /* NewsListTableViewCell.swift */; };
		F47CDFCE1DCC648800F44729 /* NewsListTableViewController.swift in Sources */ = {isa = PBXBuildFile; fileRef = F47CDF811DCC648800F44729 /* NewsListTableViewController.swift */; };
		F47CDFCF1DCC648800F44729 /* PhotosCollectionSectionHeaderView.swift in Sources */ = {isa = PBXBuildFile; fileRef = F47CDF821DCC648800F44729 /* PhotosCollectionSectionHeaderView.swift */; };
		F47CDFD01DCC648800F44729 /* PhotosCollectionViewCell.swift in Sources */ = {isa = PBXBuildFile; fileRef = F47CDF831DCC648800F44729 /* PhotosCollectionViewCell.swift */; };
		F47CDFD11DCC648800F44729 /* PhotosCollectionViewController.swift in Sources */ = {isa = PBXBuildFile; fileRef = F47CDF841DCC648800F44729 /* PhotosCollectionViewController.swift */; };
		F47CDFD21DCC648800F44729 /* PresentedTabBarController.swift in Sources */ = {isa = PBXBuildFile; fileRef = F47CDF851DCC648800F44729 /* PresentedTabBarController.swift */; };
		F47CDFD31DCC648800F44729 /* TabBarContentViewController.swift in Sources */ = {isa = PBXBuildFile; fileRef = F47CDF861DCC648800F44729 /* TabBarContentViewController.swift */; };
		F47CDFD41DCC648800F44729 /* TabBarController.storyboard in Resources */ = {isa = PBXBuildFile; fileRef = F47CDF871DCC648800F44729 /* TabBarController.storyboard */; };
		F47CDFD51DCC648800F44729 /* WebBrowserViewController.swift in Sources */ = {isa = PBXBuildFile; fileRef = F47CDF881DCC648800F44729 /* WebBrowserViewController.swift */; };
		F47CDFD61DCC648800F44729 /* LoginFormViewController.swift in Sources */ = {isa = PBXBuildFile; fileRef = F47CDF8A1DCC648800F44729 /* LoginFormViewController.swift */; };
		F47CDFD71DCC648800F44729 /* ViewAndControls.storyboard in Resources */ = {isa = PBXBuildFile; fileRef = F47CDF8B1DCC648800F44729 /* ViewAndControls.storyboard */; };
		F47CDFD81DCC648800F44729 /* ViewAnimationTableViewController.swift in Sources */ = {isa = PBXBuildFile; fileRef = F47CDF8C1DCC648800F44729 /* ViewAnimationTableViewController.swift */; };
		F47CDFD91DCC648800F44729 /* CustomPresentationTableViewController.swift in Sources */ = {isa = PBXBuildFile; fileRef = F47CDF8E1DCC648800F44729 /* CustomPresentationTableViewController.swift */; };
		F47CDFDA1DCC648800F44729 /* CustomPresentedViewController.swift in Sources */ = {isa = PBXBuildFile; fileRef = F47CDF8F1DCC648800F44729 /* CustomPresentedViewController.swift */; };
		F47CDFDB1DCC648800F44729 /* SlideInAnimator.swift in Sources */ = {isa = PBXBuildFile; fileRef = F47CDF901DCC648800F44729 /* SlideInAnimator.swift */; };
		F47CDFDC1DCC648800F44729 /* SlideInPresentationController.swift in Sources */ = {isa = PBXBuildFile; fileRef = F47CDF911DCC648800F44729 /* SlideInPresentationController.swift */; };
		F47CDFDD1DCC648800F44729 /* SlideInPresentationManager.swift in Sources */ = {isa = PBXBuildFile; fileRef = F47CDF921DCC648800F44729 /* SlideInPresentationManager.swift */; };
		F47CDFDE1DCC648800F44729 /* ViewController.storyboard in Resources */ = {isa = PBXBuildFile; fileRef = F47CDF931DCC648800F44729 /* ViewController.storyboard */; };
		F47CDFDF1DCC648800F44729 /* AppTheme.swift in Sources */ = {isa = PBXBuildFile; fileRef = F47CDF951DCC648800F44729 /* AppTheme.swift */; };
		F47CDFE11DCC648800F44729 /* Extensions.swift in Sources */ = {isa = PBXBuildFile; fileRef = F47CDF971DCC648800F44729 /* Extensions.swift */; };
		F47CDFE21DCC648800F44729 /* Test.swift in Sources */ = {isa = PBXBuildFile; fileRef = F47CDF981DCC648800F44729 /* Test.swift */; };
		FAFA94979BA818203096F513 /* Pods_MainTests.framework in Frameworks */ = {isa = PBXBuildFile; fileRef = 06539177C1808042A308C889 /* Pods_MainTests.framework */; };
/* End PBXBuildFile section */

/* Begin PBXContainerItemProxy section */
		F442A4901DD0CBF200A8E85D /* PBXContainerItemProxy */ = {
			isa = PBXContainerItemProxy;
			containerPortal = F4C27FD41D81A106006E1487 /* Project object */;
			proxyType = 1;
			remoteGlobalIDString = F4C27FDB1D81A106006E1487;
			remoteInfo = Main;
		};
		F4C27FF11D81A106006E1487 /* PBXContainerItemProxy */ = {
			isa = PBXContainerItemProxy;
			containerPortal = F4C27FD41D81A106006E1487 /* Project object */;
			proxyType = 1;
			remoteGlobalIDString = F4C27FDB1D81A106006E1487;
			remoteInfo = YiDaIOSSwiftPractices;
		};
		F4D644AC1DCF8C5200658792 /* PBXContainerItemProxy */ = {
			isa = PBXContainerItemProxy;
			containerPortal = F4C27FD41D81A106006E1487 /* Project object */;
			proxyType = 1;
			remoteGlobalIDString = F4C27FDB1D81A106006E1487;
			remoteInfo = Main;
		};
/* End PBXContainerItemProxy section */

/* Begin PBXCopyFilesBuildPhase section */
		37C83C4A932CDA87E5C72A31 /* EarlGrey Copy Files */ = {
			isa = PBXCopyFilesBuildPhase;
			buildActionMask = 2147483647;
			dstPath = "$(TEST_HOST)/../";
			dstSubfolderSpec = 0;
			files = (
				B41567B131E1FC5139AF5E09 /* EarlGrey.framework in EarlGrey Copy Files */,
			);
			name = "EarlGrey Copy Files";
			runOnlyForDeploymentPostprocessing = 0;
		};
/* End PBXCopyFilesBuildPhase section */

/* Begin PBXFileReference section */
		06539177C1808042A308C889 /* Pods_MainTests.framework */ = {isa = PBXFileReference; explicitFileType = wrapper.framework; includeInIndex = 0; path = Pods_MainTests.framework; sourceTree = BUILT_PRODUCTS_DIR; };
		0E1FBBB6F184C80AD40E18CF /* Pods_MainEarlGreyTests.framework */ = {isa = PBXFileReference; explicitFileType = wrapper.framework; includeInIndex = 0; path = Pods_MainEarlGreyTests.framework; sourceTree = BUILT_PRODUCTS_DIR; };
		3E3B8C9AC5D6AC68B8DCF559 /* EarlGrey.framework */ = {isa = PBXFileReference; lastKnownFileType = wrapper.framework; name = EarlGrey.framework; path = "${SRCROOT}/Pods/EarlGrey/EarlGrey/EarlGrey.framework"; sourceTree = SRCROOT; };
		4C8E2C90AB6FB61939A143D0 /* Pods-Main.release.xcconfig */ = {isa = PBXFileReference; includeInIndex = 1; lastKnownFileType = text.xcconfig; name = "Pods-Main.release.xcconfig"; path = "Pods/Target Support Files/Pods-Main/Pods-Main.release.xcconfig"; sourceTree = "<group>"; };
		507F49266C30B5CBC4CF722D /* Pods-MainUITests.debug.xcconfig */ = {isa = PBXFileReference; includeInIndex = 1; lastKnownFileType = text.xcconfig; name = "Pods-MainUITests.debug.xcconfig"; path = "Pods/Target Support Files/Pods-MainUITests/Pods-MainUITests.debug.xcconfig"; sourceTree = "<group>"; };
		577EFFAF39002CEE034B2CD2 /* Pods_MainUITests.framework */ = {isa = PBXFileReference; explicitFileType = wrapper.framework; includeInIndex = 0; path = Pods_MainUITests.framework; sourceTree = BUILT_PRODUCTS_DIR; };
		76BF15ADA0F0F60409D3A06B /* Pods_Main.framework */ = {isa = PBXFileReference; explicitFileType = wrapper.framework; includeInIndex = 0; path = Pods_Main.framework; sourceTree = BUILT_PRODUCTS_DIR; };
		78ADA4133419C70CC23DF9C9 /* Pods-MainUITests.release.xcconfig */ = {isa = PBXFileReference; includeInIndex = 1; lastKnownFileType = text.xcconfig; name = "Pods-MainUITests.release.xcconfig"; path = "Pods/Target Support Files/Pods-MainUITests/Pods-MainUITests.release.xcconfig"; sourceTree = "<group>"; };
		7AA6FB96A150D0D155E0BDD8 /* Pods-Main.debug.xcconfig */ = {isa = PBXFileReference; includeInIndex = 1; lastKnownFileType = text.xcconfig; name = "Pods-Main.debug.xcconfig"; path = "Pods/Target Support Files/Pods-Main/Pods-Main.debug.xcconfig"; sourceTree = "<group>"; };
		8F9FB84157A4D60E5BC8CDD1 /* Pods-MainTests.release.xcconfig */ = {isa = PBXFileReference; includeInIndex = 1; lastKnownFileType = text.xcconfig; name = "Pods-MainTests.release.xcconfig"; path = "Pods/Target Support Files/Pods-MainTests/Pods-MainTests.release.xcconfig"; sourceTree = "<group>"; };
		9E0602726EFB3BF208B7CB57 /* EarlGrey.swift */ = {isa = PBXFileReference; includeInIndex = 1; lastKnownFileType = sourcecode.swift; path = EarlGrey.swift; sourceTree = "<group>"; };
		AA26BE0B98B289A2CED8060E /* Pods-MainTests.debug.xcconfig */ = {isa = PBXFileReference; includeInIndex = 1; lastKnownFileType = text.xcconfig; name = "Pods-MainTests.debug.xcconfig"; path = "Pods/Target Support Files/Pods-MainTests/Pods-MainTests.debug.xcconfig"; sourceTree = "<group>"; };
		BC523E03E9847EC69548B7DB /* BridgingHeader.h */ = {isa = PBXFileReference; includeInIndex = 1; lastKnownFileType = sourcecode.c.h; path = BridgingHeader.h; sourceTree = "<group>"; };
		F3F67F2607DCAEF61D365194 /* Pods-MainEarlGreyTests.debug.xcconfig */ = {isa = PBXFileReference; includeInIndex = 1; lastKnownFileType = text.xcconfig; name = "Pods-MainEarlGreyTests.debug.xcconfig"; path = "Pods/Target Support Files/Pods-MainEarlGreyTests/Pods-MainEarlGreyTests.debug.xcconfig"; sourceTree = "<group>"; };
		F408BBD81DCC767800DC910B /* Mudox.swift */ = {isa = PBXFileReference; fileEncoding = 4; lastKnownFileType = sourcecode.swift; name = Mudox.swift; path = "../../../../xcode-project-startup-files/Swift/Mudox.swift"; sourceTree = "<group>"; };
		F408BBDC1DCC78E200DC910B /* Info.plist */ = {isa = PBXFileReference; fileEncoding = 4; lastKnownFileType = text.plist.xml; path = Info.plist; sourceTree = "<group>"; };
		F442A48B1DD0CBF200A8E85D /* MainEarlGreyTests.xctest */ = {isa = PBXFileReference; explicitFileType = wrapper.cfbundle; includeInIndex = 0; path = MainEarlGreyTests.xctest; sourceTree = BUILT_PRODUCTS_DIR; };
		F442A48D1DD0CBF200A8E85D /* MainTests.swift */ = {isa = PBXFileReference; lastKnownFileType = sourcecode.swift; path = MainTests.swift; sourceTree = "<group>"; };
		F442A48F1DD0CBF200A8E85D /* Info.plist */ = {isa = PBXFileReference; lastKnownFileType = text.plist.xml; path = Info.plist; sourceTree = "<group>"; };
		F442A4CB1DD0D8C100A8E85D /* BasicsTests.swift */ = {isa = PBXFileReference; fileEncoding = 4; lastKnownFileType = sourcecode.swift; path = BasicsTests.swift; sourceTree = "<group>"; };
		F442A4CC1DD0D8C100A8E85D /* Info.plist */ = {isa = PBXFileReference; fileEncoding = 4; lastKnownFileType = text.plist.xml; path = Info.plist; sourceTree = "<group>"; };
		F442A4CD1DD0D8C100A8E85D /* UITests.swift */ = {isa = PBXFileReference; fileEncoding = 4; lastKnownFileType = sourcecode.swift; path = UITests.swift; sourceTree = "<group>"; };
		F47CDF3F1DCC648800F44729 /* AppDelegate.swift */ = {isa = PBXFileReference; fileEncoding = 4; lastKnownFileType = sourcecode.swift; path = AppDelegate.swift; sourceTree = "<group>"; };
		F47CDF401DCC648800F44729 /* Assets.xcassets */ = {isa = PBXFileReference; lastKnownFileType = folder.assetcatalog; path = Assets.xcassets; sourceTree = "<group>"; };
		F47CDF421DCC648800F44729 /* Base */ = {isa = PBXFileReference; lastKnownFileType = file.storyboard; name = Base; path = Base.lproj/LaunchScreen.storyboard; sourceTree = "<group>"; };
		F47CDF461DCC648800F44729 /* Base */ = {isa = PBXFileReference; lastKnownFileType = file.storyboard; name = Base; path = Base.lproj/Main.storyboard; sourceTree = "<group>"; };
		F47CDF481DCC648800F44729 /* CNFemaleNames */ = {isa = PBXFileReference; fileEncoding = 4; lastKnownFileType = text; path = CNFemaleNames; sourceTree = "<group>"; };
		F47CDF491DCC648800F44729 /* CNMaleNames */ = {isa = PBXFileReference; fileEncoding = 4; lastKnownFileType = text; path = CNMaleNames; sourceTree = "<group>"; };
		F47CDF4A1DCC648800F44729 /* CNSurnames */ = {isa = PBXFileReference; fileEncoding = 4; lastKnownFileType = text; path = CNSurnames; sourceTree = "<group>"; };
		F47CDF4B1DCC648800F44729 /* DataSource.swift */ = {isa = PBXFileReference; fileEncoding = 4; lastKnownFileType = sourcecode.swift; path = DataSource.swift; sourceTree = "<group>"; };
		F47CDF4D1DCC648800F44729 /* PlaceholderImageGenerator.swift */ = {isa = PBXFileReference; fileEncoding = 4; lastKnownFileType = sourcecode.swift; path = PlaceholderImageGenerator.swift; sourceTree = "<group>"; };
		F47CDF4E1DCC648800F44729 /* PlaceholderImageSource.swift */ = {isa = PBXFileReference; fileEncoding = 4; lastKnownFileType = sourcecode.swift; path = PlaceholderImageSource.swift; sourceTree = "<group>"; };
		F47CDF501DCC648800F44729 /* LyricsParser.swift */ = {isa = PBXFileReference; fileEncoding = 4; lastKnownFileType = sourcecode.swift; path = LyricsParser.swift; sourceTree = "<group>"; };
		F47CDF511DCC648800F44729 /* MetaInspector.swift */ = {isa = PBXFileReference; fileEncoding = 4; lastKnownFileType = sourcecode.swift; path = MetaInspector.swift; sourceTree = "<group>"; };
		F47CDF521DCC648800F44729 /* MusicList.swift */ = {isa = PBXFileReference; fileEncoding = 4; lastKnownFileType = sourcecode.swift; path = MusicList.swift; sourceTree = "<group>"; };
		F47CDF551DCC648800F44729 /* News-1.jpg */ = {isa = PBXFileReference; lastKnownFileType = image.jpeg; path = "News-1.jpg"; sourceTree = "<group>"; };
		F47CDF561DCC648800F44729 /* News-2.jpg */ = {isa = PBXFileReference; lastKnownFileType = image.jpeg; path = "News-2.jpg"; sourceTree = "<group>"; };
		F47CDF571DCC648800F44729 /* News-3.jpg */ = {isa = PBXFileReference; lastKnownFileType = image.jpeg; path = "News-3.jpg"; sourceTree = "<group>"; };
		F47CDF581DCC648800F44729 /* News-4.jpg */ = {isa = PBXFileReference; lastKnownFileType = image.jpeg; path = "News-4.jpg"; sourceTree = "<group>"; };
		F47CDF591DCC648800F44729 /* News-5.jpg */ = {isa = PBXFileReference; lastKnownFileType = image.jpeg; path = "News-5.jpg"; sourceTree = "<group>"; };
		F47CDF5A1DCC648800F44729 /* News-6.jpg */ = {isa = PBXFileReference; lastKnownFileType = image.jpeg; path = "News-6.jpg"; sourceTree = "<group>"; };
		F47CDF5B1DCC648800F44729 /* News-7.jpg */ = {isa = PBXFileReference; lastKnownFileType = image.jpeg; path = "News-7.jpg"; sourceTree = "<group>"; };
		F47CDF5C1DCC648800F44729 /* News-8.jpg */ = {isa = PBXFileReference; lastKnownFileType = image.jpeg; path = "News-8.jpg"; sourceTree = "<group>"; };
		F47CDF5D1DCC648800F44729 /* News-9.jpg */ = {isa = PBXFileReference; lastKnownFileType = image.jpeg; path = "News-9.jpg"; sourceTree = "<group>"; };
		F47CDF5E1DCC648800F44729 /* News.json */ = {isa = PBXFileReference; fileEncoding = 4; lastKnownFileType = text.json; path = News.json; sourceTree = "<group>"; };
		F47CDF5F1DCC648800F44729 /* News.swift */ = {isa = PBXFileReference; fileEncoding = 4; lastKnownFileType = sourcecode.swift; path = News.swift; sourceTree = "<group>"; };
		F47CDF601DCC648800F44729 /* RandomDataSource.swift */ = {isa = PBXFileReference; fileEncoding = 4; lastKnownFileType = sourcecode.swift; path = RandomDataSource.swift; sourceTree = "<group>"; };
		F47CDF621DCC648800F44729 /* Student.swift */ = {isa = PBXFileReference; fileEncoding = 4; lastKnownFileType = sourcecode.swift; path = Student.swift; sourceTree = "<group>"; };
		F47CDF651DCC648800F44729 /* Menu.json */ = {isa = PBXFileReference; fileEncoding = 4; lastKnownFileType = text.json; path = Menu.json; sourceTree = "<group>"; };
		F47CDF661DCC648800F44729 /* Menu.swift */ = {isa = PBXFileReference; fileEncoding = 4; lastKnownFileType = sourcecode.swift; path = Menu.swift; sourceTree = "<group>"; };
		F47CDF671DCC648800F44729 /* RootMenuTableViewCell.swift */ = {isa = PBXFileReference; fileEncoding = 4; lastKnownFileType = sourcecode.swift; path = RootMenuTableViewCell.swift; sourceTree = "<group>"; };
		F47CDF681DCC648800F44729 /* RootMenuViewController.swift */ = {isa = PBXFileReference; fileEncoding = 4; lastKnownFileType = sourcecode.swift; path = RootMenuViewController.swift; sourceTree = "<group>"; };
		F47CDF691DCC648800F44729 /* RootNavigationController.swift */ = {isa = PBXFileReference; fileEncoding = 4; lastKnownFileType = sourcecode.swift; path = RootNavigationController.swift; sourceTree = "<group>"; };
		F47CDF6A1DCC648800F44729 /* YDTintedLabel.swift */ = {isa = PBXFileReference; fileEncoding = 4; lastKnownFileType = sourcecode.swift; path = YDTintedLabel.swift; sourceTree = "<group>"; };
		F47CDF6E1DCC648800F44729 /* PopAnimation.storyboard */ = {isa = PBXFileReference; fileEncoding = 4; lastKnownFileType = file.storyboard; path = PopAnimation.storyboard; sourceTree = "<group>"; };
		F47CDF6F1DCC648800F44729 /* PopLabelMovingTableViewController.swift */ = {isa = PBXFileReference; fileEncoding = 4; lastKnownFileType = sourcecode.swift; path = PopLabelMovingTableViewController.swift; sourceTree = "<group>"; };
		F47CDF741DCC648800F44729 /* CustomNavigationControllerViewController.swift */ = {isa = PBXFileReference; fileEncoding = 4; lastKnownFileType = sourcecode.swift; path = CustomNavigationControllerViewController.swift; sourceTree = "<group>"; };
		F47CDF751DCC648800F44729 /* NavigationContentViewController.swift */ = {isa = PBXFileReference; fileEncoding = 4; lastKnownFileType = sourcecode.swift; path = NavigationContentViewController.swift; sourceTree = "<group>"; };
		F47CDF761DCC648800F44729 /* NavigationController.storyboard */ = {isa = PBXFileReference; fileEncoding = 4; lastKnownFileType = file.storyboard; path = NavigationController.storyboard; sourceTree = "<group>"; };
		F47CDF781DCC648800F44729 /* CenteredZoomOutScrollView.swift */ = {isa = PBXFileReference; fileEncoding = 4; lastKnownFileType = sourcecode.swift; path = CenteredZoomOutScrollView.swift; sourceTree = "<group>"; };
		F47CDF791DCC648800F44729 /* ScrollView.storyboard */ = {isa = PBXFileReference; fileEncoding = 4; lastKnownFileType = file.storyboard; path = ScrollView.storyboard; sourceTree = "<group>"; };
		F47CDF7A1DCC648800F44729 /* ScrollViewExercisesTableViewController.swift */ = {isa = PBXFileReference; fileEncoding = 4; lastKnownFileType = sourcecode.swift; path = ScrollViewExercisesTableViewController.swift; sourceTree = "<group>"; };
		F47CDF7B1DCC648800F44729 /* ScrollViewInspectorTableViewController.swift */ = {isa = PBXFileReference; fileEncoding = 4; lastKnownFileType = sourcecode.swift; path = ScrollViewInspectorTableViewController.swift; sourceTree = "<group>"; };
		F47CDF7D1DCC648800F44729 /* CustomTabBar.swift */ = {isa = PBXFileReference; fileEncoding = 4; lastKnownFileType = sourcecode.swift; path = CustomTabBar.swift; sourceTree = "<group>"; };
		F47CDF7E1DCC648800F44729 /* CustomTabBarController.swift */ = {isa = PBXFileReference; fileEncoding = 4; lastKnownFileType = sourcecode.swift; path = CustomTabBarController.swift; sourceTree = "<group>"; };
		F47CDF7F1DCC648800F44729 /* ImageBrowserViewController.swift */ = {isa = PBXFileReference; fileEncoding = 4; lastKnownFileType = sourcecode.swift; path = ImageBrowserViewController.swift; sourceTree = "<group>"; };
		F47CDF801DCC648800F44729 /* NewsListTableViewCell.swift */ = {isa = PBXFileReference; fileEncoding = 4; lastKnownFileType = sourcecode.swift; path = NewsListTableViewCell.swift; sourceTree = "<group>"; };
		F47CDF811DCC648800F44729 /* NewsListTableViewController.swift */ = {isa = PBXFileReference; fileEncoding = 4; lastKnownFileType = sourcecode.swift; path = NewsListTableViewController.swift; sourceTree = "<group>"; };
		F47CDF821DCC648800F44729 /* PhotosCollectionSectionHeaderView.swift */ = {isa = PBXFileReference; fileEncoding = 4; lastKnownFileType = sourcecode.swift; path = PhotosCollectionSectionHeaderView.swift; sourceTree = "<group>"; };
		F47CDF831DCC648800F44729 /* PhotosCollectionViewCell.swift */ = {isa = PBXFileReference; fileEncoding = 4; lastKnownFileType = sourcecode.swift; path = PhotosCollectionViewCell.swift; sourceTree = "<group>"; };
		F47CDF841DCC648800F44729 /* PhotosCollectionViewController.swift */ = {isa = PBXFileReference; fileEncoding = 4; lastKnownFileType = sourcecode.swift; path = PhotosCollectionViewController.swift; sourceTree = "<group>"; };
		F47CDF851DCC648800F44729 /* PresentedTabBarController.swift */ = {isa = PBXFileReference; fileEncoding = 4; lastKnownFileType = sourcecode.swift; path = PresentedTabBarController.swift; sourceTree = "<group>"; };
		F47CDF861DCC648800F44729 /* TabBarContentViewController.swift */ = {isa = PBXFileReference; fileEncoding = 4; lastKnownFileType = sourcecode.swift; path = TabBarContentViewController.swift; sourceTree = "<group>"; };
		F47CDF871DCC648800F44729 /* TabBarController.storyboard */ = {isa = PBXFileReference; fileEncoding = 4; lastKnownFileType = file.storyboard; path = TabBarController.storyboard; sourceTree = "<group>"; };
		F47CDF881DCC648800F44729 /* WebBrowserViewController.swift */ = {isa = PBXFileReference; fileEncoding = 4; lastKnownFileType = sourcecode.swift; path = WebBrowserViewController.swift; sourceTree = "<group>"; };
		F47CDF8A1DCC648800F44729 /* LoginFormViewController.swift */ = {isa = PBXFileReference; fileEncoding = 4; lastKnownFileType = sourcecode.swift; path = LoginFormViewController.swift; sourceTree = "<group>"; };
		F47CDF8B1DCC648800F44729 /* ViewAndControls.storyboard */ = {isa = PBXFileReference; fileEncoding = 4; lastKnownFileType = file.storyboard; path = ViewAndControls.storyboard; sourceTree = "<group>"; };
		F47CDF8C1DCC648800F44729 /* ViewAnimationTableViewController.swift */ = {isa = PBXFileReference; fileEncoding = 4; lastKnownFileType = sourcecode.swift; path = ViewAnimationTableViewController.swift; sourceTree = "<group>"; };
		F47CDF8E1DCC648800F44729 /* CustomPresentationTableViewController.swift */ = {isa = PBXFileReference; fileEncoding = 4; lastKnownFileType = sourcecode.swift; path = CustomPresentationTableViewController.swift; sourceTree = "<group>"; };
		F47CDF8F1DCC648800F44729 /* CustomPresentedViewController.swift */ = {isa = PBXFileReference; fileEncoding = 4; lastKnownFileType = sourcecode.swift; path = CustomPresentedViewController.swift; sourceTree = "<group>"; };
		F47CDF901DCC648800F44729 /* SlideInAnimator.swift */ = {isa = PBXFileReference; fileEncoding = 4; lastKnownFileType = sourcecode.swift; path = SlideInAnimator.swift; sourceTree = "<group>"; };
		F47CDF911DCC648800F44729 /* SlideInPresentationController.swift */ = {isa = PBXFileReference; fileEncoding = 4; lastKnownFileType = sourcecode.swift; path = SlideInPresentationController.swift; sourceTree = "<group>"; };
		F47CDF921DCC648800F44729 /* SlideInPresentationManager.swift */ = {isa = PBXFileReference; fileEncoding = 4; lastKnownFileType = sourcecode.swift; path = SlideInPresentationManager.swift; sourceTree = "<group>"; };
		F47CDF931DCC648800F44729 /* ViewController.storyboard */ = {isa = PBXFileReference; fileEncoding = 4; lastKnownFileType = file.storyboard; path = ViewController.storyboard; sourceTree = "<group>"; };
		F47CDF951DCC648800F44729 /* AppTheme.swift */ = {isa = PBXFileReference; fileEncoding = 4; lastKnownFileType = sourcecode.swift; path = AppTheme.swift; sourceTree = "<group>"; };
		F47CDF971DCC648800F44729 /* Extensions.swift */ = {isa = PBXFileReference; fileEncoding = 4; lastKnownFileType = sourcecode.swift; path = Extensions.swift; sourceTree = "<group>"; };
		F47CDF981DCC648800F44729 /* Test.swift */ = {isa = PBXFileReference; fileEncoding = 4; lastKnownFileType = sourcecode.swift; path = Test.swift; sourceTree = "<group>"; };
		F47CDF9D1DCC648800F44729 /* Info.plist */ = {isa = PBXFileReference; fileEncoding = 4; lastKnownFileType = text.plist.xml; path = Info.plist; sourceTree = "<group>"; };
		F47CDF9E1DCC648800F44729 /* Tests.swift */ = {isa = PBXFileReference; fileEncoding = 4; lastKnownFileType = sourcecode.swift; path = Tests.swift; sourceTree = "<group>"; };
		F4C27FDC1D81A106006E1487 /* Main.app */ = {isa = PBXFileReference; explicitFileType = wrapper.application; includeInIndex = 0; path = Main.app; sourceTree = BUILT_PRODUCTS_DIR; };
		F4C27FF01D81A106006E1487 /* MainTests.xctest */ = {isa = PBXFileReference; explicitFileType = wrapper.cfbundle; includeInIndex = 0; path = MainTests.xctest; sourceTree = BUILT_PRODUCTS_DIR; };
		F4D644A71DCF8C5200658792 /* MainUITests.xctest */ = {isa = PBXFileReference; explicitFileType = wrapper.cfbundle; includeInIndex = 0; path = MainUITests.xctest; sourceTree = BUILT_PRODUCTS_DIR; };
		F4FE2F081DCED1D7004FA0DE /* Pods.xcodeproj */ = {isa = PBXFileReference; lastKnownFileType = "wrapper.pb-project"; name = Pods.xcodeproj; path = Pods/Pods.xcodeproj; sourceTree = "<group>"; };
		F61032647CF660F8C0120E57 /* Pods-MainEarlGreyTests.release.xcconfig */ = {isa = PBXFileReference; includeInIndex = 1; lastKnownFileType = text.xcconfig; name = "Pods-MainEarlGreyTests.release.xcconfig"; path = "Pods/Target Support Files/Pods-MainEarlGreyTests/Pods-MainEarlGreyTests.release.xcconfig"; sourceTree = "<group>"; };
/* End PBXFileReference section */

/* Begin PBXFrameworksBuildPhase section */
		F442A4881DD0CBF200A8E85D /* Frameworks */ = {
			isa = PBXFrameworksBuildPhase;
			buildActionMask = 2147483647;
			files = (
				B42545446DD75719E2A2AB2C /* Pods_MainEarlGreyTests.framework in Frameworks */,
				AC5C5AE973CECF1AA9382FFD /* EarlGrey.framework in Frameworks */,
			);
			runOnlyForDeploymentPostprocessing = 0;
		};
		F4C27FD91D81A106006E1487 /* Frameworks */ = {
			isa = PBXFrameworksBuildPhase;
			buildActionMask = 2147483647;
			files = (
				07492C38EC7234BA5BC07E2D /* Pods_Main.framework in Frameworks */,
			);
			runOnlyForDeploymentPostprocessing = 0;
		};
		F4C27FED1D81A106006E1487 /* Frameworks */ = {
			isa = PBXFrameworksBuildPhase;
			buildActionMask = 2147483647;
			files = (
				FAFA94979BA818203096F513 /* Pods_MainTests.framework in Frameworks */,
			);
			runOnlyForDeploymentPostprocessing = 0;
		};
		F4D644A41DCF8C5200658792 /* Frameworks */ = {
			isa = PBXFrameworksBuildPhase;
			buildActionMask = 2147483647;
			files = (
				2F84A32A25BDF4E13B03439B /* Pods_MainUITests.framework in Frameworks */,
			);
			runOnlyForDeploymentPostprocessing = 0;
		};
/* End PBXFrameworksBuildPhase section */

/* Begin PBXGroup section */
		288F05C3AFBE5CC36A1AF432 /* Frameworks */ = {
			isa = PBXGroup;
			children = (
				76BF15ADA0F0F60409D3A06B /* Pods_Main.framework */,
				06539177C1808042A308C889 /* Pods_MainTests.framework */,
				577EFFAF39002CEE034B2CD2 /* Pods_MainUITests.framework */,
				0E1FBBB6F184C80AD40E18CF /* Pods_MainEarlGreyTests.framework */,
			);
			name = Frameworks;
			sourceTree = "<group>";
		};
		4924F12673A5548ABC2F717C /* Pods */ = {
			isa = PBXGroup;
			children = (
				7AA6FB96A150D0D155E0BDD8 /* Pods-Main.debug.xcconfig */,
				4C8E2C90AB6FB61939A143D0 /* Pods-Main.release.xcconfig */,
				AA26BE0B98B289A2CED8060E /* Pods-MainTests.debug.xcconfig */,
				8F9FB84157A4D60E5BC8CDD1 /* Pods-MainTests.release.xcconfig */,
				507F49266C30B5CBC4CF722D /* Pods-MainUITests.debug.xcconfig */,
				78ADA4133419C70CC23DF9C9 /* Pods-MainUITests.release.xcconfig */,
				F3F67F2607DCAEF61D365194 /* Pods-MainEarlGreyTests.debug.xcconfig */,
				F61032647CF660F8C0120E57 /* Pods-MainEarlGreyTests.release.xcconfig */,
			);
			name = Pods;
			sourceTree = "<group>";
		};
		F408BBD71DCC765500DC910B /* Bootstrap */ = {
			isa = PBXGroup;
			children = (
				F408BBD81DCC767800DC910B /* Mudox.swift */,
			);
			name = Bootstrap;
			path = ..;
			sourceTree = SOURCE_ROOT;
		};
		F442A48C1DD0CBF200A8E85D /* EarlGrey Tests */ = {
			isa = PBXGroup;
			children = (
				F442A48D1DD0CBF200A8E85D /* MainTests.swift */,
				F442A48F1DD0CBF200A8E85D /* Info.plist */,
				BC523E03E9847EC69548B7DB /* BridgingHeader.h */,
				9E0602726EFB3BF208B7CB57 /* EarlGrey.swift */,
			);
			name = "EarlGrey Tests";
			path = MainEarlGreyTests;
			sourceTree = "<group>";
		};
		F442A4BE1DD0D47900A8E85D /* Tests */ = {
			isa = PBXGroup;
			children = (
				F442A4CA1DD0D8C100A8E85D /* UI Tests */,
				F47CDF9C1DCC648800F44729 /* Unit Tests */,
				F442A48C1DD0CBF200A8E85D /* EarlGrey Tests */,
			);
			name = Tests;
			sourceTree = "<group>";
		};
		F442A4CA1DD0D8C100A8E85D /* UI Tests */ = {
			isa = PBXGroup;
			children = (
				F442A4CB1DD0D8C100A8E85D /* BasicsTests.swift */,
				F442A4CC1DD0D8C100A8E85D /* Info.plist */,
				F442A4CD1DD0D8C100A8E85D /* UITests.swift */,
			);
			path = "UI Tests";
			sourceTree = "<group>";
		};
		F47CDF3E1DCC648800F44729 /* Sources */ = {
			isa = PBXGroup;
			children = (
				F408BBD71DCC765500DC910B /* Bootstrap */,
				F47CDF3F1DCC648800F44729 /* AppDelegate.swift */,
				F47CDF401DCC648800F44729 /* Assets.xcassets */,
				F47CDF411DCC648800F44729 /* LaunchScreen.storyboard */,
				F47CDF451DCC648800F44729 /* Main.storyboard */,
				F47CDF471DCC648800F44729 /* Data */,
				F47CDF641DCC648800F44729 /* Menu */,
				F47CDF6B1DCC648800F44729 /* Practice */,
				F47CDF941DCC648800F44729 /* Shared */,
			);
			path = Sources;
			sourceTree = "<group>";
		};
		F47CDF471DCC648800F44729 /* Data */ = {
			isa = PBXGroup;
			children = (
				F47CDF481DCC648800F44729 /* CNFemaleNames */,
				F47CDF491DCC648800F44729 /* CNMaleNames */,
				F47CDF4A1DCC648800F44729 /* CNSurnames */,
				F47CDF4B1DCC648800F44729 /* DataSource.swift */,
				F47CDF4C1DCC648800F44729 /* Image */,
				F47CDF4F1DCC648800F44729 /* Musics */,
				F47CDF531DCC648800F44729 /* News */,
				F47CDF601DCC648800F44729 /* RandomDataSource.swift */,
				F47CDF611DCC648800F44729 /* Student Info */,
			);
			path = Data;
			sourceTree = "<group>";
		};
		F47CDF4C1DCC648800F44729 /* Image */ = {
			isa = PBXGroup;
			children = (
				F47CDF4D1DCC648800F44729 /* PlaceholderImageGenerator.swift */,
				F47CDF4E1DCC648800F44729 /* PlaceholderImageSource.swift */,
			);
			path = Image;
			sourceTree = "<group>";
		};
		F47CDF4F1DCC648800F44729 /* Musics */ = {
			isa = PBXGroup;
			children = (
				F47CDF501DCC648800F44729 /* LyricsParser.swift */,
				F47CDF511DCC648800F44729 /* MetaInspector.swift */,
				F47CDF521DCC648800F44729 /* MusicList.swift */,
			);
			path = Musics;
			sourceTree = "<group>";
		};
		F47CDF531DCC648800F44729 /* News */ = {
			isa = PBXGroup;
			children = (
				F47CDF541DCC648800F44729 /* Images */,
				F47CDF5E1DCC648800F44729 /* News.json */,
				F47CDF5F1DCC648800F44729 /* News.swift */,
			);
			path = News;
			sourceTree = "<group>";
		};
		F47CDF541DCC648800F44729 /* Images */ = {
			isa = PBXGroup;
			children = (
				F47CDF551DCC648800F44729 /* News-1.jpg */,
				F47CDF561DCC648800F44729 /* News-2.jpg */,
				F47CDF571DCC648800F44729 /* News-3.jpg */,
				F47CDF581DCC648800F44729 /* News-4.jpg */,
				F47CDF591DCC648800F44729 /* News-5.jpg */,
				F47CDF5A1DCC648800F44729 /* News-6.jpg */,
				F47CDF5B1DCC648800F44729 /* News-7.jpg */,
				F47CDF5C1DCC648800F44729 /* News-8.jpg */,
				F47CDF5D1DCC648800F44729 /* News-9.jpg */,
			);
			path = Images;
			sourceTree = "<group>";
		};
		F47CDF611DCC648800F44729 /* Student Info */ = {
			isa = PBXGroup;
			children = (
				F47CDF621DCC648800F44729 /* Student.swift */,
			);
			path = "Student Info";
			sourceTree = "<group>";
		};
		F47CDF641DCC648800F44729 /* Menu */ = {
			isa = PBXGroup;
			children = (
				F47CDF651DCC648800F44729 /* Menu.json */,
				F47CDF661DCC648800F44729 /* Menu.swift */,
				F47CDF671DCC648800F44729 /* RootMenuTableViewCell.swift */,
				F47CDF681DCC648800F44729 /* RootMenuViewController.swift */,
				F47CDF691DCC648800F44729 /* RootNavigationController.swift */,
				F47CDF6A1DCC648800F44729 /* YDTintedLabel.swift */,
			);
			path = Menu;
			sourceTree = "<group>";
		};
		F47CDF6B1DCC648800F44729 /* Practice */ = {
			isa = PBXGroup;
			children = (
				F47CDF6C1DCC648800F44729 /* 3rd Party Frameworks */,
				F47CDF701DCC648800F44729 /* Advanced */,
				F47CDF711DCC648800F44729 /* Basics */,
			);
			path = Practice;
			sourceTree = "<group>";
		};
		F47CDF6C1DCC648800F44729 /* 3rd Party Frameworks */ = {
			isa = PBXGroup;
			children = (
				F47CDF6D1DCC648800F44729 /* Pop Animation */,
			);
			path = "3rd Party Frameworks";
			sourceTree = "<group>";
		};
		F47CDF6D1DCC648800F44729 /* Pop Animation */ = {
			isa = PBXGroup;
			children = (
				F47CDF6E1DCC648800F44729 /* PopAnimation.storyboard */,
				F47CDF6F1DCC648800F44729 /* PopLabelMovingTableViewController.swift */,
			);
			path = "Pop Animation";
			sourceTree = "<group>";
		};
		F47CDF701DCC648800F44729 /* Advanced */ = {
			isa = PBXGroup;
			children = (
			);
			path = Advanced;
			sourceTree = "<group>";
		};
		F47CDF711DCC648800F44729 /* Basics */ = {
			isa = PBXGroup;
			children = (
				F47CDF721DCC648800F44729 /* Button */,
				F47CDF731DCC648800F44729 /* Navigation Controller */,
				F47CDF771DCC648800F44729 /* Scroll View */,
				F47CDF7C1DCC648800F44729 /* Tab Bar Controller */,
				F47CDF891DCC648800F44729 /* View Basics */,
				F47CDF8D1DCC648800F44729 /* View Controller */,
			);
			path = Basics;
			sourceTree = "<group>";
		};
		F47CDF721DCC648800F44729 /* Button */ = {
			isa = PBXGroup;
			children = (
			);
			path = Button;
			sourceTree = "<group>";
		};
		F47CDF731DCC648800F44729 /* Navigation Controller */ = {
			isa = PBXGroup;
			children = (
				F47CDF741DCC648800F44729 /* CustomNavigationControllerViewController.swift */,
				F47CDF751DCC648800F44729 /* NavigationContentViewController.swift */,
				F47CDF761DCC648800F44729 /* NavigationController.storyboard */,
			);
			path = "Navigation Controller";
			sourceTree = "<group>";
		};
		F47CDF771DCC648800F44729 /* Scroll View */ = {
			isa = PBXGroup;
			children = (
				F47CDF781DCC648800F44729 /* CenteredZoomOutScrollView.swift */,
				F47CDF791DCC648800F44729 /* ScrollView.storyboard */,
				F47CDF7A1DCC648800F44729 /* ScrollViewExercisesTableViewController.swift */,
				F47CDF7B1DCC648800F44729 /* ScrollViewInspectorTableViewController.swift */,
			);
			path = "Scroll View";
			sourceTree = "<group>";
		};
		F47CDF7C1DCC648800F44729 /* Tab Bar Controller */ = {
			isa = PBXGroup;
			children = (
				F47CDF7D1DCC648800F44729 /* CustomTabBar.swift */,
				F47CDF7E1DCC648800F44729 /* CustomTabBarController.swift */,
				F47CDF7F1DCC648800F44729 /* ImageBrowserViewController.swift */,
				F47CDF801DCC648800F44729 /* NewsListTableViewCell.swift */,
				F47CDF811DCC648800F44729 /* NewsListTableViewController.swift */,
				F47CDF821DCC648800F44729 /* PhotosCollectionSectionHeaderView.swift */,
				F47CDF831DCC648800F44729 /* PhotosCollectionViewCell.swift */,
				F47CDF841DCC648800F44729 /* PhotosCollectionViewController.swift */,
				F47CDF851DCC648800F44729 /* PresentedTabBarController.swift */,
				F47CDF861DCC648800F44729 /* TabBarContentViewController.swift */,
				F47CDF871DCC648800F44729 /* TabBarController.storyboard */,
				F47CDF881DCC648800F44729 /* WebBrowserViewController.swift */,
			);
			path = "Tab Bar Controller";
			sourceTree = "<group>";
		};
		F47CDF891DCC648800F44729 /* View Basics */ = {
			isa = PBXGroup;
			children = (
				F47CDF8A1DCC648800F44729 /* LoginFormViewController.swift */,
				F47CDF8B1DCC648800F44729 /* ViewAndControls.storyboard */,
				F47CDF8C1DCC648800F44729 /* ViewAnimationTableViewController.swift */,
			);
			path = "View Basics";
			sourceTree = "<group>";
		};
		F47CDF8D1DCC648800F44729 /* View Controller */ = {
			isa = PBXGroup;
			children = (
				F47CDF8E1DCC648800F44729 /* CustomPresentationTableViewController.swift */,
				F47CDF8F1DCC648800F44729 /* CustomPresentedViewController.swift */,
				F47CDF901DCC648800F44729 /* SlideInAnimator.swift */,
				F47CDF911DCC648800F44729 /* SlideInPresentationController.swift */,
				F47CDF921DCC648800F44729 /* SlideInPresentationManager.swift */,
				F47CDF931DCC648800F44729 /* ViewController.storyboard */,
			);
			path = "View Controller";
			sourceTree = "<group>";
		};
		F47CDF941DCC648800F44729 /* Shared */ = {
			isa = PBXGroup;
			children = (
				F47CDF951DCC648800F44729 /* AppTheme.swift */,
				F47CDF971DCC648800F44729 /* Extensions.swift */,
				F47CDF981DCC648800F44729 /* Test.swift */,
			);
			path = Shared;
			sourceTree = "<group>";
		};
		F47CDF9C1DCC648800F44729 /* Unit Tests */ = {
			isa = PBXGroup;
			children = (
				F47CDF9D1DCC648800F44729 /* Info.plist */,
				F47CDF9E1DCC648800F44729 /* Tests.swift */,
			);
			path = "Unit Tests";
			sourceTree = "<group>";
		};
		F4C27FD31D81A106006E1487 = {
			isa = PBXGroup;
			children = (
				F4FE2F081DCED1D7004FA0DE /* Pods.xcodeproj */,
				F408BBDC1DCC78E200DC910B /* Info.plist */,
				F47CDF3E1DCC648800F44729 /* Sources */,
				F442A4BE1DD0D47900A8E85D /* Tests */,
				F4C27FDD1D81A106006E1487 /* Products */,
				4924F12673A5548ABC2F717C /* Pods */,
				288F05C3AFBE5CC36A1AF432 /* Frameworks */,
			);
			sourceTree = "<group>";
		};
		F4C27FDD1D81A106006E1487 /* Products */ = {
			isa = PBXGroup;
			children = (
				F4C27FDC1D81A106006E1487 /* Main.app */,
				F4C27FF01D81A106006E1487 /* MainTests.xctest */,
				F4D644A71DCF8C5200658792 /* MainUITests.xctest */,
				F442A48B1DD0CBF200A8E85D /* MainEarlGreyTests.xctest */,
				3E3B8C9AC5D6AC68B8DCF559 /* EarlGrey.framework */,
			);
			name = Products;
			sourceTree = "<group>";
		};
/* End PBXGroup section */

/* Begin PBXNativeTarget section */
		F442A48A1DD0CBF200A8E85D /* MainEarlGreyTests */ = {
			isa = PBXNativeTarget;
			buildConfigurationList = F442A4921DD0CBF200A8E85D /* Build configuration list for PBXNativeTarget "MainEarlGreyTests" */;
			buildPhases = (
				39D0A1BA4F7FCFB2BD50C430 /* [CP] Check Pods Manifest.lock */,
				F442A4871DD0CBF200A8E85D /* Sources */,
				F442A4881DD0CBF200A8E85D /* Frameworks */,
				F442A4891DD0CBF200A8E85D /* Resources */,
				B03D3EFA8B9C35C52A8D4596 /* [CP] Embed Pods Frameworks */,
				8D117007C311B1E9B69DDA5C /* [CP] Copy Pods Resources */,
				37C83C4A932CDA87E5C72A31 /* EarlGrey Copy Files */,
			);
			buildRules = (
			);
			dependencies = (
				F442A4911DD0CBF200A8E85D /* PBXTargetDependency */,
			);
			name = MainEarlGreyTests;
			productName = MainEarlGreyTests;
			productReference = F442A48B1DD0CBF200A8E85D /* MainEarlGreyTests.xctest */;
			productType = "com.apple.product-type.bundle.unit-test";
		};
		F4C27FDB1D81A106006E1487 /* Main */ = {
			isa = PBXNativeTarget;
			buildConfigurationList = F4C280041D81A106006E1487 /* Build configuration list for PBXNativeTarget "Main" */;
			buildPhases = (
				B0FEE32EADBCFE6FDABDA047 /* [CP] Check Pods Manifest.lock */,
				F4C27FD81D81A106006E1487 /* Sources */,
				F4C27FD91D81A106006E1487 /* Frameworks */,
				F4C27FDA1D81A106006E1487 /* Resources */,
				93DB736E795D3BD8B6614B85 /* [CP] Embed Pods Frameworks */,
				DC65897223BB949759FD78DE /* [CP] Copy Pods Resources */,
			);
			buildRules = (
			);
			dependencies = (
			);
			name = Main;
			productName = YiDaIOSSwiftPractices;
			productReference = F4C27FDC1D81A106006E1487 /* Main.app */;
			productType = "com.apple.product-type.application";
		};
		F4C27FEF1D81A106006E1487 /* MainTests */ = {
			isa = PBXNativeTarget;
			buildConfigurationList = F4C280071D81A106006E1487 /* Build configuration list for PBXNativeTarget "MainTests" */;
			buildPhases = (
				E5008137956596F999D16643 /* [CP] Check Pods Manifest.lock */,
				F4C27FEC1D81A106006E1487 /* Sources */,
				F4C27FED1D81A106006E1487 /* Frameworks */,
				F4C27FEE1D81A106006E1487 /* Resources */,
				EC3C6FF585487A9C071FFF8D /* [CP] Embed Pods Frameworks */,
				0CE0218931F3CF345D798CE5 /* [CP] Copy Pods Resources */,
			);
			buildRules = (
			);
			dependencies = (
				F4C27FF21D81A106006E1487 /* PBXTargetDependency */,
			);
			name = MainTests;
			productName = YiDaIOSSwiftPracticesTests;
			productReference = F4C27FF01D81A106006E1487 /* MainTests.xctest */;
			productType = "com.apple.product-type.bundle.unit-test";
		};
		F4D644A61DCF8C5200658792 /* MainUITests */ = {
			isa = PBXNativeTarget;
			buildConfigurationList = F4D644AE1DCF8C5200658792 /* Build configuration list for PBXNativeTarget "MainUITests" */;
			buildPhases = (
				27AD459CA3875E253E7F771B /* [CP] Check Pods Manifest.lock */,
				F4D644A31DCF8C5200658792 /* Sources */,
				F4D644A41DCF8C5200658792 /* Frameworks */,
				F4D644A51DCF8C5200658792 /* Resources */,
				B22F3BBF3029B22E2661C047 /* [CP] Embed Pods Frameworks */,
				4E3972930734DD2321F58B9F /* [CP] Copy Pods Resources */,
			);
			buildRules = (
			);
			dependencies = (
				F4D644AD1DCF8C5200658792 /* PBXTargetDependency */,
			);
			name = MainUITests;
			productName = UITests;
			productReference = F4D644A71DCF8C5200658792 /* MainUITests.xctest */;
			productType = "com.apple.product-type.bundle.ui-testing";
		};
/* End PBXNativeTarget section */

/* Begin PBXProject section */
		F4C27FD41D81A106006E1487 /* Project object */ = {
			isa = PBXProject;
			attributes = {
				LastSwiftUpdateCheck = 0810;
				LastUpgradeCheck = 0810;
				ORGANIZATIONNAME = Mudox;
				TargetAttributes = {
					F442A48A1DD0CBF200A8E85D = {
						CreatedOnToolsVersion = 8.1;
						DevelopmentTeam = YSQ5ZCLFSD;
						ProvisioningStyle = Automatic;
						TestTargetID = F4C27FDB1D81A106006E1487;
					};
					F4C27FDB1D81A106006E1487 = {
						CreatedOnToolsVersion = 7.3.1;
						DevelopmentTeam = YSQ5ZCLFSD;
						LastSwiftMigration = 0800;
					};
					F4C27FEF1D81A106006E1487 = {
						CreatedOnToolsVersion = 7.3.1;
						DevelopmentTeam = YSQ5ZCLFSD;
						LastSwiftMigration = 0800;
						TestTargetID = F4C27FDB1D81A106006E1487;
					};
					F4D644A61DCF8C5200658792 = {
						CreatedOnToolsVersion = 8.1;
						DevelopmentTeam = YSQ5ZCLFSD;
						ProvisioningStyle = Automatic;
						TestTargetID = F4C27FDB1D81A106006E1487;
					};
				};
			};
			buildConfigurationList = F4C27FD71D81A106006E1487 /* Build configuration list for PBXProject "Main" */;
			compatibilityVersion = "Xcode 3.2";
			developmentRegion = English;
			hasScannedForEncodings = 0;
			knownRegions = (
				en,
				Base,
			);
			mainGroup = F4C27FD31D81A106006E1487;
			productRefGroup = F4C27FDD1D81A106006E1487 /* Products */;
			projectDirPath = "";
			projectRoot = "";
			targets = (
				F4C27FDB1D81A106006E1487 /* Main */,
				F4C27FEF1D81A106006E1487 /* MainTests */,
				F4D644A61DCF8C5200658792 /* MainUITests */,
				F442A48A1DD0CBF200A8E85D /* MainEarlGreyTests */,
			);
		};
/* End PBXProject section */

/* Begin PBXResourcesBuildPhase section */
		F442A4891DD0CBF200A8E85D /* Resources */ = {
			isa = PBXResourcesBuildPhase;
			buildActionMask = 2147483647;
			files = (
			);
			runOnlyForDeploymentPostprocessing = 0;
		};
		F4C27FDA1D81A106006E1487 /* Resources */ = {
			isa = PBXResourcesBuildPhase;
			buildActionMask = 2147483647;
			files = (
				F47CDFD41DCC648800F44729 /* TabBarController.storyboard in Resources */,
				F47CDFA01DCC648800F44729 /* Assets.xcassets in Resources */,
				F47CDFB61DCC648800F44729 /* News.json in Resources */,
				F47CDFA51DCC648800F44729 /* CNMaleNames in Resources */,
				F47CDFA61DCC648800F44729 /* CNSurnames in Resources */,
				F47CDFB11DCC648800F44729 /* News-5.jpg in Resources */,
				F47CDFB01DCC648800F44729 /* News-4.jpg in Resources */,
				F47CDFC71DCC648800F44729 /* ScrollView.storyboard in Resources */,
				F47CDFAE1DCC648800F44729 /* News-2.jpg in Resources */,
				F47CDFD71DCC648800F44729 /* ViewAndControls.storyboard in Resources */,
				F47CDFC11DCC648800F44729 /* PopAnimation.storyboard in Resources */,
				F47CDFBB1DCC648800F44729 /* Menu.json in Resources */,
				F47CDFAD1DCC648800F44729 /* News-1.jpg in Resources */,
				F47CDFB21DCC648800F44729 /* News-6.jpg in Resources */,
				F47CDFA11DCC648800F44729 /* LaunchScreen.storyboard in Resources */,
				F47CDFA31DCC648800F44729 /* Main.storyboard in Resources */,
				F47CDFAF1DCC648800F44729 /* News-3.jpg in Resources */,
				F47CDFB51DCC648800F44729 /* News-9.jpg in Resources */,
				F47CDFB31DCC648800F44729 /* News-7.jpg in Resources */,
				F47CDFDE1DCC648800F44729 /* ViewController.storyboard in Resources */,
				F47CDFB41DCC648800F44729 /* News-8.jpg in Resources */,
				F47CDFA41DCC648800F44729 /* CNFemaleNames in Resources */,
				F47CDFC51DCC648800F44729 /* NavigationController.storyboard in Resources */,
			);
			runOnlyForDeploymentPostprocessing = 0;
		};
		F4C27FEE1D81A106006E1487 /* Resources */ = {
			isa = PBXResourcesBuildPhase;
			buildActionMask = 2147483647;
			files = (
			);
			runOnlyForDeploymentPostprocessing = 0;
		};
		F4D644A51DCF8C5200658792 /* Resources */ = {
			isa = PBXResourcesBuildPhase;
			buildActionMask = 2147483647;
			files = (
			);
			runOnlyForDeploymentPostprocessing = 0;
		};
/* End PBXResourcesBuildPhase section */

/* Begin PBXShellScriptBuildPhase section */
		0CE0218931F3CF345D798CE5 /* [CP] Copy Pods Resources */ = {
			isa = PBXShellScriptBuildPhase;
			buildActionMask = 2147483647;
			files = (
			);
			inputPaths = (
			);
			name = "[CP] Copy Pods Resources";
			outputPaths = (
			);
			runOnlyForDeploymentPostprocessing = 0;
			shellPath = /bin/sh;
			shellScript = "\"${SRCROOT}/Pods/Target Support Files/Pods-MainTests/Pods-MainTests-resources.sh\"\n";
			showEnvVarsInLog = 0;
		};
		27AD459CA3875E253E7F771B /* [CP] Check Pods Manifest.lock */ = {
			isa = PBXShellScriptBuildPhase;
			buildActionMask = 2147483647;
			files = (
			);
			inputPaths = (
			);
			name = "[CP] Check Pods Manifest.lock";
			outputPaths = (
			);
			runOnlyForDeploymentPostprocessing = 0;
			shellPath = /bin/sh;
			shellScript = "diff \"${PODS_ROOT}/../Podfile.lock\" \"${PODS_ROOT}/Manifest.lock\" > /dev/null\nif [ $? != 0 ] ; then\n    # print error to STDERR\n    echo \"error: The sandbox is not in sync with the Podfile.lock. Run 'pod install' or update your CocoaPods installation.\" >&2\n    exit 1\nfi\n";
			showEnvVarsInLog = 0;
		};
		39D0A1BA4F7FCFB2BD50C430 /* [CP] Check Pods Manifest.lock */ = {
			isa = PBXShellScriptBuildPhase;
			buildActionMask = 2147483647;
			files = (
			);
			inputPaths = (
			);
			name = "[CP] Check Pods Manifest.lock";
			outputPaths = (
			);
			runOnlyForDeploymentPostprocessing = 0;
			shellPath = /bin/sh;
			shellScript = "diff \"${PODS_ROOT}/../Podfile.lock\" \"${PODS_ROOT}/Manifest.lock\" > /dev/null\nif [ $? != 0 ] ; then\n    # print error to STDERR\n    echo \"error: The sandbox is not in sync with the Podfile.lock. Run 'pod install' or update your CocoaPods installation.\" >&2\n    exit 1\nfi\n";
			showEnvVarsInLog = 0;
		};
		4E3972930734DD2321F58B9F /* [CP] Copy Pods Resources */ = {
			isa = PBXShellScriptBuildPhase;
			buildActionMask = 2147483647;
			files = (
			);
			inputPaths = (
			);
			name = "[CP] Copy Pods Resources";
			outputPaths = (
			);
			runOnlyForDeploymentPostprocessing = 0;
			shellPath = /bin/sh;
			shellScript = "\"${SRCROOT}/Pods/Target Support Files/Pods-MainUITests/Pods-MainUITests-resources.sh\"\n";
			showEnvVarsInLog = 0;
		};
		8D117007C311B1E9B69DDA5C /* [CP] Copy Pods Resources */ = {
			isa = PBXShellScriptBuildPhase;
			buildActionMask = 2147483647;
			files = (
			);
			inputPaths = (
			);
			name = "[CP] Copy Pods Resources";
			outputPaths = (
			);
			runOnlyForDeploymentPostprocessing = 0;
			shellPath = /bin/sh;
			shellScript = "\"${SRCROOT}/Pods/Target Support Files/Pods-MainEarlGreyTests/Pods-MainEarlGreyTests-resources.sh\"\n";
			showEnvVarsInLog = 0;
		};
		93DB736E795D3BD8B6614B85 /* [CP] Embed Pods Frameworks */ = {
			isa = PBXShellScriptBuildPhase;
			buildActionMask = 2147483647;
			files = (
			);
			inputPaths = (
			);
			name = "[CP] Embed Pods Frameworks";
			outputPaths = (
			);
			runOnlyForDeploymentPostprocessing = 0;
			shellPath = /bin/sh;
			shellScript = "\"${SRCROOT}/Pods/Target Support Files/Pods-Main/Pods-Main-frameworks.sh\"\n";
			showEnvVarsInLog = 0;
		};
		B03D3EFA8B9C35C52A8D4596 /* [CP] Embed Pods Frameworks */ = {
			isa = PBXShellScriptBuildPhase;
			buildActionMask = 2147483647;
			files = (
			);
			inputPaths = (
			);
			name = "[CP] Embed Pods Frameworks";
			outputPaths = (
			);
			runOnlyForDeploymentPostprocessing = 0;
			shellPath = /bin/sh;
			shellScript = "\"${SRCROOT}/Pods/Target Support Files/Pods-MainEarlGreyTests/Pods-MainEarlGreyTests-frameworks.sh\"\n";
			showEnvVarsInLog = 0;
		};
		B0FEE32EADBCFE6FDABDA047 /* [CP] Check Pods Manifest.lock */ = {
			isa = PBXShellScriptBuildPhase;
			buildActionMask = 2147483647;
			files = (
			);
			inputPaths = (
			);
			name = "[CP] Check Pods Manifest.lock";
			outputPaths = (
			);
			runOnlyForDeploymentPostprocessing = 0;
			shellPath = /bin/sh;
			shellScript = "diff \"${PODS_ROOT}/../Podfile.lock\" \"${PODS_ROOT}/Manifest.lock\" > /dev/null\nif [ $? != 0 ] ; then\n    # print error to STDERR\n    echo \"error: The sandbox is not in sync with the Podfile.lock. Run 'pod install' or update your CocoaPods installation.\" >&2\n    exit 1\nfi\n";
			showEnvVarsInLog = 0;
		};
		B22F3BBF3029B22E2661C047 /* [CP] Embed Pods Frameworks */ = {
			isa = PBXShellScriptBuildPhase;
			buildActionMask = 2147483647;
			files = (
			);
			inputPaths = (
			);
			name = "[CP] Embed Pods Frameworks";
			outputPaths = (
			);
			runOnlyForDeploymentPostprocessing = 0;
			shellPath = /bin/sh;
			shellScript = "\"${SRCROOT}/Pods/Target Support Files/Pods-MainUITests/Pods-MainUITests-frameworks.sh\"\n";
			showEnvVarsInLog = 0;
		};
		DC65897223BB949759FD78DE /* [CP] Copy Pods Resources */ = {
			isa = PBXShellScriptBuildPhase;
			buildActionMask = 2147483647;
			files = (
			);
			inputPaths = (
			);
			name = "[CP] Copy Pods Resources";
			outputPaths = (
			);
			runOnlyForDeploymentPostprocessing = 0;
			shellPath = /bin/sh;
			shellScript = "\"${SRCROOT}/Pods/Target Support Files/Pods-Main/Pods-Main-resources.sh\"\n";
			showEnvVarsInLog = 0;
		};
		E5008137956596F999D16643 /* [CP] Check Pods Manifest.lock */ = {
			isa = PBXShellScriptBuildPhase;
			buildActionMask = 2147483647;
			files = (
			);
			inputPaths = (
			);
			name = "[CP] Check Pods Manifest.lock";
			outputPaths = (
			);
			runOnlyForDeploymentPostprocessing = 0;
			shellPath = /bin/sh;
			shellScript = "diff \"${PODS_ROOT}/../Podfile.lock\" \"${PODS_ROOT}/Manifest.lock\" > /dev/null\nif [ $? != 0 ] ; then\n    # print error to STDERR\n    echo \"error: The sandbox is not in sync with the Podfile.lock. Run 'pod install' or update your CocoaPods installation.\" >&2\n    exit 1\nfi\n";
			showEnvVarsInLog = 0;
		};
		EC3C6FF585487A9C071FFF8D /* [CP] Embed Pods Frameworks */ = {
			isa = PBXShellScriptBuildPhase;
			buildActionMask = 2147483647;
			files = (
			);
			inputPaths = (
			);
			name = "[CP] Embed Pods Frameworks";
			outputPaths = (
			);
			runOnlyForDeploymentPostprocessing = 0;
			shellPath = /bin/sh;
			shellScript = "\"${SRCROOT}/Pods/Target Support Files/Pods-MainTests/Pods-MainTests-frameworks.sh\"\n";
			showEnvVarsInLog = 0;
		};
/* End PBXShellScriptBuildPhase section */

/* Begin PBXSourcesBuildPhase section */
		F442A4871DD0CBF200A8E85D /* Sources */ = {
			isa = PBXSourcesBuildPhase;
			buildActionMask = 2147483647;
			files = (
				F442A48E1DD0CBF200A8E85D /* MainTests.swift in Sources */,
				CB50F4AE9E2DE5797C2D1764 /* EarlGrey.swift in Sources */,
			);
			runOnlyForDeploymentPostprocessing = 0;
		};
		F4C27FD81D81A106006E1487 /* Sources */ = {
			isa = PBXSourcesBuildPhase;
			buildActionMask = 2147483647;
			files = (
				F47CDFBE1DCC648800F44729 /* RootMenuViewController.swift in Sources */,
				F47CDFD01DCC648800F44729 /* PhotosCollectionViewCell.swift in Sources */,
				F408BBD91DCC767800DC910B /* Mudox.swift in Sources */,
				F47CDFD21DCC648800F44729 /* PresentedTabBarController.swift in Sources */,
				F47CDFCD1DCC648800F44729 /* NewsListTableViewCell.swift in Sources */,
				F47CDFA71DCC648800F44729 /* DataSource.swift in Sources */,
				F47CDFAC1DCC648800F44729 /* MusicList.swift in Sources */,
				F47CDFB71DCC648800F44729 /* News.swift in Sources */,
				F47CDFDD1DCC648800F44729 /* SlideInPresentationManager.swift in Sources */,
				F47CDFB91DCC648800F44729 /* Student.swift in Sources */,
				F47CDFBF1DCC648800F44729 /* RootNavigationController.swift in Sources */,
				F47CDFA81DCC648800F44729 /* PlaceholderImageGenerator.swift in Sources */,
				F47CDFDA1DCC648800F44729 /* CustomPresentedViewController.swift in Sources */,
				F47CDFBC1DCC648800F44729 /* Menu.swift in Sources */,
				F47CDFC21DCC648800F44729 /* PopLabelMovingTableViewController.swift in Sources */,
				F47CDFC01DCC648800F44729 /* YDTintedLabel.swift in Sources */,
				F47CDFD91DCC648800F44729 /* CustomPresentationTableViewController.swift in Sources */,
				F47CDFCC1DCC648800F44729 /* ImageBrowserViewController.swift in Sources */,
				F47CDFE21DCC648800F44729 /* Test.swift in Sources */,
				F47CDFCE1DCC648800F44729 /* NewsListTableViewController.swift in Sources */,
				F47CDFC41DCC648800F44729 /* NavigationContentViewController.swift in Sources */,
				F47CDFDC1DCC648800F44729 /* SlideInPresentationController.swift in Sources */,
				F47CDFD31DCC648800F44729 /* TabBarContentViewController.swift in Sources */,
				F47CDFCB1DCC648800F44729 /* CustomTabBarController.swift in Sources */,
				F47CDFC91DCC648800F44729 /* ScrollViewInspectorTableViewController.swift in Sources */,
				F47CDFC81DCC648800F44729 /* ScrollViewExercisesTableViewController.swift in Sources */,
				F47CDFE11DCC648800F44729 /* Extensions.swift in Sources */,
				F47CDFBD1DCC648800F44729 /* RootMenuTableViewCell.swift in Sources */,
				F47CDFCA1DCC648800F44729 /* CustomTabBar.swift in Sources */,
				F47CDFAB1DCC648800F44729 /* MetaInspector.swift in Sources */,
				F47CDFDB1DCC648800F44729 /* SlideInAnimator.swift in Sources */,
				F47CDFCF1DCC648800F44729 /* PhotosCollectionSectionHeaderView.swift in Sources */,
				F47CDFDF1DCC648800F44729 /* AppTheme.swift in Sources */,
				F47CDFB81DCC648800F44729 /* RandomDataSource.swift in Sources */,
				F47CDFD81DCC648800F44729 /* ViewAnimationTableViewController.swift in Sources */,
				F47CDFD11DCC648800F44729 /* PhotosCollectionViewController.swift in Sources */,
				F47CDFD51DCC648800F44729 /* WebBrowserViewController.swift in Sources */,
				F47CDFD61DCC648800F44729 /* LoginFormViewController.swift in Sources */,
				F47CDFA91DCC648800F44729 /* PlaceholderImageSource.swift in Sources */,
				F47CDF9F1DCC648800F44729 /* AppDelegate.swift in Sources */,
				F47CDFC31DCC648800F44729 /* CustomNavigationControllerViewController.swift in Sources */,
				F47CDFAA1DCC648800F44729 /* LyricsParser.swift in Sources */,
				F47CDFC61DCC648800F44729 /* CenteredZoomOutScrollView.swift in Sources */,
			);
			runOnlyForDeploymentPostprocessing = 0;
		};
		F4C27FEC1D81A106006E1487 /* Sources */ = {
			isa = PBXSourcesBuildPhase;
			buildActionMask = 2147483647;
			files = (
				F408BBD21DCC760800DC910B /* Tests.swift in Sources */,
			);
			runOnlyForDeploymentPostprocessing = 0;
		};
		F4D644A31DCF8C5200658792 /* Sources */ = {
			isa = PBXSourcesBuildPhase;
			buildActionMask = 2147483647;
			files = (
				F442A4D21DD0DA9100A8E85D /* BasicsTests.swift in Sources */,
				F442A4D11DD0DA7C00A8E85D /* UITests.swift in Sources */,
			);
			runOnlyForDeploymentPostprocessing = 0;
		};
/* End PBXSourcesBuildPhase section */

/* Begin PBXTargetDependency section */
		F442A4911DD0CBF200A8E85D /* PBXTargetDependency */ = {
			isa = PBXTargetDependency;
			target = F4C27FDB1D81A106006E1487 /* Main */;
			targetProxy = F442A4901DD0CBF200A8E85D /* PBXContainerItemProxy */;
		};
		F4C27FF21D81A106006E1487 /* PBXTargetDependency */ = {
			isa = PBXTargetDependency;
			target = F4C27FDB1D81A106006E1487 /* Main */;
			targetProxy = F4C27FF11D81A106006E1487 /* PBXContainerItemProxy */;
		};
		F4D644AD1DCF8C5200658792 /* PBXTargetDependency */ = {
			isa = PBXTargetDependency;
			target = F4C27FDB1D81A106006E1487 /* Main */;
			targetProxy = F4D644AC1DCF8C5200658792 /* PBXContainerItemProxy */;
		};
/* End PBXTargetDependency section */

/* Begin PBXVariantGroup section */
		F47CDF411DCC648800F44729 /* LaunchScreen.storyboard */ = {
			isa = PBXVariantGroup;
			children = (
				F47CDF421DCC648800F44729 /* Base */,
			);
			name = LaunchScreen.storyboard;
			sourceTree = "<group>";
		};
		F47CDF451DCC648800F44729 /* Main.storyboard */ = {
			isa = PBXVariantGroup;
			children = (
				F47CDF461DCC648800F44729 /* Base */,
			);
			name = Main.storyboard;
			sourceTree = "<group>";
		};
/* End PBXVariantGroup section */

/* Begin XCBuildConfiguration section */
		F442A4931DD0CBF200A8E85D /* Debug */ = {
			isa = XCBuildConfiguration;
			baseConfigurationReference = F3F67F2607DCAEF61D365194 /* Pods-MainEarlGreyTests.debug.xcconfig */;
			buildSettings = {
				BUNDLE_LOADER = "$(TEST_HOST)";
				CLANG_WARN_DOCUMENTATION_COMMENTS = YES;
				CLANG_WARN_SUSPICIOUS_MOVES = YES;
				DEVELOPMENT_TEAM = YSQ5ZCLFSD;
				INFOPLIST_FILE = MainEarlGreyTests/Info.plist;
				LD_RUNPATH_SEARCH_PATHS = "$(inherited) @executable_path/Frameworks @loader_path/Frameworks";
				PRODUCT_BUNDLE_IDENTIFIER = com.yidahulian.mudox.MainEarlGreyTests;
				PRODUCT_NAME = "$(TARGET_NAME)";
				SWIFT_ACTIVE_COMPILATION_CONDITIONS = DEBUG;
				SWIFT_OBJC_BRIDGING_HEADER = "$(TARGET_NAME)/BridgingHeader.h";
				SWIFT_VERSION = 3.0;
				TEST_HOST = "$(BUILT_PRODUCTS_DIR)/Main.app/Main";
			};
			name = Debug;
		};
		F442A4941DD0CBF200A8E85D /* Release */ = {
			isa = XCBuildConfiguration;
			baseConfigurationReference = F61032647CF660F8C0120E57 /* Pods-MainEarlGreyTests.release.xcconfig */;
			buildSettings = {
				BUNDLE_LOADER = "$(TEST_HOST)";
				CLANG_WARN_DOCUMENTATION_COMMENTS = YES;
				CLANG_WARN_SUSPICIOUS_MOVES = YES;
				DEVELOPMENT_TEAM = YSQ5ZCLFSD;
				INFOPLIST_FILE = MainEarlGreyTests/Info.plist;
				LD_RUNPATH_SEARCH_PATHS = "$(inherited) @executable_path/Frameworks @loader_path/Frameworks";
				PRODUCT_BUNDLE_IDENTIFIER = com.yidahulian.mudox.MainEarlGreyTests;
				PRODUCT_NAME = "$(TARGET_NAME)";
				SWIFT_OBJC_BRIDGING_HEADER = "$(TARGET_NAME)/BridgingHeader.h";
				SWIFT_VERSION = 3.0;
				TEST_HOST = "$(BUILT_PRODUCTS_DIR)/Main.app/Main";
			};
			name = Release;
		};
		F4C280021D81A106006E1487 /* Debug */ = {
			isa = XCBuildConfiguration;
			buildSettings = {
				ALWAYS_SEARCH_USER_PATHS = NO;
				CLANG_ANALYZER_NONNULL = YES;
				CLANG_CXX_LANGUAGE_STANDARD = "gnu++0x";
				CLANG_CXX_LIBRARY = "libc++";
				CLANG_ENABLE_MODULES = YES;
				CLANG_ENABLE_OBJC_ARC = YES;
				CLANG_WARN_BOOL_CONVERSION = YES;
				CLANG_WARN_CONSTANT_CONVERSION = YES;
				CLANG_WARN_DIRECT_OBJC_ISA_USAGE = YES_ERROR;
				CLANG_WARN_EMPTY_BODY = YES;
				CLANG_WARN_ENUM_CONVERSION = YES;
				CLANG_WARN_INFINITE_RECURSION = YES;
				CLANG_WARN_INT_CONVERSION = YES;
				CLANG_WARN_OBJC_ROOT_CLASS = YES_ERROR;
				CLANG_WARN_SUSPICIOUS_MOVE = YES;
				CLANG_WARN_UNREACHABLE_CODE = YES;
				CLANG_WARN__DUPLICATE_METHOD_MATCH = YES;
				"CODE_SIGN_IDENTITY[sdk=iphoneos*]" = "iPhone Developer";
				COPY_PHASE_STRIP = NO;
				DEBUG_INFORMATION_FORMAT = dwarf;
				DEFINES_MODULE = YES;
				ENABLE_STRICT_OBJC_MSGSEND = YES;
				ENABLE_TESTABILITY = YES;
				GCC_C_LANGUAGE_STANDARD = gnu99;
				GCC_DYNAMIC_NO_PIC = NO;
				GCC_NO_COMMON_BLOCKS = YES;
				GCC_OPTIMIZATION_LEVEL = 0;
				GCC_PREPROCESSOR_DEFINITIONS = (
					"DEBUG=1",
					"$(inherited)",
				);
				GCC_WARN_64_TO_32_BIT_CONVERSION = YES;
				GCC_WARN_ABOUT_RETURN_TYPE = YES_ERROR;
				GCC_WARN_UNDECLARED_SELECTOR = YES;
				GCC_WARN_UNINITIALIZED_AUTOS = YES_AGGRESSIVE;
				GCC_WARN_UNUSED_FUNCTION = YES;
				GCC_WARN_UNUSED_VARIABLE = YES;
				IPHONEOS_DEPLOYMENT_TARGET = 10.1;
				LLVM_LTO = YES_THIN;
				MTL_ENABLE_DEBUG_INFO = YES;
				ONLY_ACTIVE_ARCH = YES;
				SDKROOT = iphoneos;
				SWIFT_OPTIMIZATION_LEVEL = "-Onone";
				SWIFT_VERSION = 3.0.1;
			};
			name = Debug;
		};
		F4C280031D81A106006E1487 /* Release */ = {
			isa = XCBuildConfiguration;
			buildSettings = {
				ALWAYS_SEARCH_USER_PATHS = NO;
				CLANG_ANALYZER_NONNULL = YES;
				CLANG_CXX_LANGUAGE_STANDARD = "gnu++0x";
				CLANG_CXX_LIBRARY = "libc++";
				CLANG_ENABLE_MODULES = YES;
				CLANG_ENABLE_OBJC_ARC = YES;
				CLANG_WARN_BOOL_CONVERSION = YES;
				CLANG_WARN_CONSTANT_CONVERSION = YES;
				CLANG_WARN_DIRECT_OBJC_ISA_USAGE = YES_ERROR;
				CLANG_WARN_EMPTY_BODY = YES;
				CLANG_WARN_ENUM_CONVERSION = YES;
				CLANG_WARN_INFINITE_RECURSION = YES;
				CLANG_WARN_INT_CONVERSION = YES;
				CLANG_WARN_OBJC_ROOT_CLASS = YES_ERROR;
				CLANG_WARN_SUSPICIOUS_MOVE = YES;
				CLANG_WARN_UNREACHABLE_CODE = YES;
				CLANG_WARN__DUPLICATE_METHOD_MATCH = YES;
				"CODE_SIGN_IDENTITY[sdk=iphoneos*]" = "iPhone Developer";
				COPY_PHASE_STRIP = NO;
				DEBUG_INFORMATION_FORMAT = "dwarf-with-dsym";
				DEFINES_MODULE = YES;
				ENABLE_NS_ASSERTIONS = NO;
				ENABLE_STRICT_OBJC_MSGSEND = YES;
				GCC_C_LANGUAGE_STANDARD = gnu99;
				GCC_NO_COMMON_BLOCKS = YES;
				GCC_WARN_64_TO_32_BIT_CONVERSION = YES;
				GCC_WARN_ABOUT_RETURN_TYPE = YES_ERROR;
				GCC_WARN_UNDECLARED_SELECTOR = YES;
				GCC_WARN_UNINITIALIZED_AUTOS = YES_AGGRESSIVE;
				GCC_WARN_UNUSED_FUNCTION = YES;
				GCC_WARN_UNUSED_VARIABLE = YES;
				IPHONEOS_DEPLOYMENT_TARGET = 10.1;
				LLVM_LTO = YES;
				MTL_ENABLE_DEBUG_INFO = NO;
				SDKROOT = iphoneos;
				SWIFT_OPTIMIZATION_LEVEL = "-Owholemodule";
				SWIFT_VERSION = 3.0.1;
				VALIDATE_PRODUCT = YES;
			};
			name = Release;
		};
		F4C280051D81A106006E1487 /* Debug */ = {
			isa = XCBuildConfiguration;
			baseConfigurationReference = 7AA6FB96A150D0D155E0BDD8 /* Pods-Main.debug.xcconfig */;
			buildSettings = {
				ASSETCATALOG_COMPILER_APPICON_NAME = AppIcon;
				INFOPLIST_FILE = Info.plist;
				LD_RUNPATH_SEARCH_PATHS = "$(inherited) @executable_path/Frameworks";
				PRODUCT_BUNDLE_IDENTIFIER = com.yidahulian.mudox.YiDaIOSSwiftPractices;
				PRODUCT_NAME = "$(TARGET_NAME)";
			};
			name = Debug;
		};
		F4C280061D81A106006E1487 /* Release */ = {
			isa = XCBuildConfiguration;
			baseConfigurationReference = 4C8E2C90AB6FB61939A143D0 /* Pods-Main.release.xcconfig */;
			buildSettings = {
				ASSETCATALOG_COMPILER_APPICON_NAME = AppIcon;
				INFOPLIST_FILE = Info.plist;
				LD_RUNPATH_SEARCH_PATHS = "$(inherited) @executable_path/Frameworks";
				PRODUCT_BUNDLE_IDENTIFIER = com.yidahulian.mudox.YiDaIOSSwiftPractices;
				PRODUCT_NAME = "$(TARGET_NAME)";
			};
			name = Release;
		};
		F4C280081D81A106006E1487 /* Debug */ = {
			isa = XCBuildConfiguration;
			baseConfigurationReference = AA26BE0B98B289A2CED8060E /* Pods-MainTests.debug.xcconfig */;
			buildSettings = {
				BUNDLE_LOADER = "$(TEST_HOST)";
				INFOPLIST_FILE = Info.plist;
				LD_RUNPATH_SEARCH_PATHS = "$(inherited) @executable_path/Frameworks @loader_path/Frameworks";
				PRODUCT_BUNDLE_IDENTIFIER = com.yidahulian.mudox.YiDaIOSSwiftPracticesTests;
				PRODUCT_NAME = "$(TARGET_NAME)";
				TEST_HOST = "$(BUILT_PRODUCTS_DIR)/Main.app/Main";
			};
			name = Debug;
		};
		F4C280091D81A106006E1487 /* Release */ = {
			isa = XCBuildConfiguration;
			baseConfigurationReference = 8F9FB84157A4D60E5BC8CDD1 /* Pods-MainTests.release.xcconfig */;
			buildSettings = {
				BUNDLE_LOADER = "$(TEST_HOST)";
				INFOPLIST_FILE = Info.plist;
				LD_RUNPATH_SEARCH_PATHS = "$(inherited) @executable_path/Frameworks @loader_path/Frameworks";
				PRODUCT_BUNDLE_IDENTIFIER = com.yidahulian.mudox.YiDaIOSSwiftPracticesTests;
				PRODUCT_NAME = "$(TARGET_NAME)";
				TEST_HOST = "$(BUILT_PRODUCTS_DIR)/Main.app/Main";
			};
			name = Release;
		};
		F4D644AF1DCF8C5200658792 /* Debug */ = {
			isa = XCBuildConfiguration;
			baseConfigurationReference = 507F49266C30B5CBC4CF722D /* Pods-MainUITests.debug.xcconfig */;
			buildSettings = {
				CLANG_WARN_DOCUMENTATION_COMMENTS = YES;
				CLANG_WARN_SUSPICIOUS_MOVES = YES;
				DEVELOPMENT_TEAM = YSQ5ZCLFSD;
				INFOPLIST_FILE = UITests/Info.plist;
				LD_RUNPATH_SEARCH_PATHS = "$(inherited) @executable_path/Frameworks @loader_path/Frameworks";
				PRODUCT_BUNDLE_IDENTIFIER = com.yidahulian.mudox.UITests;
				PRODUCT_NAME = "$(TARGET_NAME)";
				SWIFT_ACTIVE_COMPILATION_CONDITIONS = DEBUG;
				SWIFT_VERSION = 3.0;
				TEST_TARGET_NAME = Main;
			};
			name = Debug;
		};
		F4D644B01DCF8C5200658792 /* Release */ = {
			isa = XCBuildConfiguration;
			baseConfigurationReference = 78ADA4133419C70CC23DF9C9 /* Pods-MainUITests.release.xcconfig */;
			buildSettings = {
				CLANG_WARN_DOCUMENTATION_COMMENTS = YES;
				CLANG_WARN_SUSPICIOUS_MOVES = YES;
				DEVELOPMENT_TEAM = YSQ5ZCLFSD;
				INFOPLIST_FILE = UITests/Info.plist;
				LD_RUNPATH_SEARCH_PATHS = "$(inherited) @executable_path/Frameworks @loader_path/Frameworks";
				PRODUCT_BUNDLE_IDENTIFIER = com.yidahulian.mudox.UITests;
				PRODUCT_NAME = "$(TARGET_NAME)";
				SWIFT_VERSION = 3.0;
				TEST_TARGET_NAME = Main;
			};
			name = Release;
		};
/* End XCBuildConfiguration section */

/* Begin XCConfigurationList section */
		F442A4921DD0CBF200A8E85D /* Build configuration list for PBXNativeTarget "MainEarlGreyTests" */ = {
			isa = XCConfigurationList;
			buildConfigurations = (
				F442A4931DD0CBF200A8E85D /* Debug */,
				F442A4941DD0CBF200A8E85D /* Release */,
			);
			defaultConfigurationIsVisible = 0;
			defaultConfigurationName = Release;
		};
		F4C27FD71D81A106006E1487 /* Build configuration list for PBXProject "Main" */ = {
			isa = XCConfigurationList;
			buildConfigurations = (
				F4C280021D81A106006E1487 /* Debug */,
				F4C280031D81A106006E1487 /* Release */,
			);
			defaultConfigurationIsVisible = 0;
			defaultConfigurationName = Release;
		};
		F4C280041D81A106006E1487 /* Build configuration list for PBXNativeTarget "Main" */ = {
			isa = XCConfigurationList;
			buildConfigurations = (
				F4C280051D81A106006E1487 /* Debug */,
				F4C280061D81A106006E1487 /* Release */,
			);
			defaultConfigurationIsVisible = 0;
			defaultConfigurationName = Release;
		};
		F4C280071D81A106006E1487 /* Build configuration list for PBXNativeTarget "MainTests" */ = {
			isa = XCConfigurationList;
			buildConfigurations = (
				F4C280081D81A106006E1487 /* Debug */,
				F4C280091D81A106006E1487 /* Release */,
			);
			defaultConfigurationIsVisible = 0;
			defaultConfigurationName = Release;
		};
		F4D644AE1DCF8C5200658792 /* Build configuration list for PBXNativeTarget "MainUITests" */ = {
			isa = XCConfigurationList;
			buildConfigurations = (
				F4D644AF1DCF8C5200658792 /* Debug */,
				F4D644B01DCF8C5200658792 /* Release */,
			);
			defaultConfigurationIsVisible = 0;
			defaultConfigurationName = Release;
		};
/* End XCConfigurationList section */
	};
	rootObject = F4C27FD41D81A106006E1487 /* Project object */;
}
