<?xml version="1.0" encoding="UTF-8"?>
<Scheme
   LastUpgradeVersion = "0810"
   version = "1.7">
   <BuildAction
      parallelizeBuildables = "YES"
      buildImplicitDependencies = "YES">
      <PreActions>
         <ExecutionAction
            ActionType = "Xcode.IDEStandardExecutionActionsCore.ExecutionActionType.ShellScriptAction">
            <ActionContent
               title = "Run Script"
               scriptText = "/Users/mudox/Dev/apple/xcode-project-startup-files/Swift/PreBuild.sh">
               <EnvironmentBuildable>
                  <BuildableReference
                     BuildableIdentifier = "primary"
                     BlueprintIdentifier = "F4C27FDB1D81A106006E1487"
                     BuildableName = "YiDaIOSSwiftPractices.app"
                     BlueprintName = "YiDaIOSSwiftPractices"
                     ReferencedContainer = "container:YiDaIOSSwiftPractices.xcodeproj">
                  </BuildableReference>
               </EnvironmentBuildable>
            </ActionContent>
         </ExecutionAction>
      </PreActions>
      <BuildActionEntries>
         <BuildActionEntry
            buildForTesting = "YES"
            buildForRunning = "YES"
            buildForProfiling = "YES"
            buildForArchiving = "YES"
            buildForAnalyzing = "YES">
            <BuildableReference
               BuildableIdentifier = "primary"
               BlueprintIdentifier = "F4C27FDB1D81A106006E1487"
               BuildableName = "YiDaIOSSwiftPractices.app"
               BlueprintName = "YiDaIOSSwiftPractices"
               ReferencedContainer = "container:YiDaIOSSwiftPractices.xcodeproj">
            </BuildableReference>
         </BuildActionEntry>
      </BuildActionEntries>
   </BuildAction>
   <TestAction
      buildConfiguration = "Debug"
      selectedDebuggerIdentifier = "Xcode.DebuggerFoundation.Debugger.LLDB"
      selectedLauncherIdentifier = "Xcode.DebuggerFoundation.Launcher.LLDB"
      shouldUseLaunchSchemeArgsEnv = "YES">
      <Testables>
         <TestableReference
            skipped = "NO">
            <BuildableReference
               BuildableIdentifier = "primary"
               BlueprintIdentifier = "F4C27FEF1D81A106006E1487"
               BuildableName = "YiDaIOSSwiftPracticesTests.xctest"
               BlueprintName = "YiDaIOSSwiftPracticesTests"
               ReferencedContainer = "container:YiDaIOSSwiftPractices.xcodeproj">
            </BuildableReference>
         </TestableReference>
         <TestableReference
            skipped = "NO">
            <BuildableReference
               BuildableIdentifier = "primary"
               BlueprintIdentifier = "F4C27FFA1D81A106006E1487"
               BuildableName = "YiDaIOSSwiftPracticesUITests.xctest"
               BlueprintName = "YiDaIOSSwiftPracticesUITests"
               ReferencedContainer = "container:YiDaIOSSwiftPractices.xcodeproj">
            </BuildableReference>
         </TestableReference>
      </Testables>
      <MacroExpansion>
         <BuildableReference
            BuildableIdentifier = "primary"
            BlueprintIdentifier = "F4C27FDB1D81A106006E1487"
            BuildableName = "YiDaIOSSwiftPractices.app"
            BlueprintName = "YiDaIOSSwiftPractices"
            ReferencedContainer = "container:YiDaIOSSwiftPractices.xcodeproj">
         </BuildableReference>
      </MacroExpansion>
      <AdditionalOptions>
      </AdditionalOptions>
   </TestAction>
   <LaunchAction
      buildConfiguration = "Debug"
      selectedDebuggerIdentifier = "Xcode.DebuggerFoundation.Debugger.LLDB"
      selectedLauncherIdentifier = "Xcode.DebuggerFoundation.Launcher.LLDB"
      launchStyle = "0"
      useCustomWorkingDirectory = "NO"
      ignoresPersistentStateOnLaunch = "NO"
      debugDocumentVersioning = "YES"
      debugServiceExtension = "internal"
      allowLocationSimulation = "YES">
      <PreActions>
         <ExecutionAction
            ActionType = "Xcode.IDEStandardExecutionActionsCore.ExecutionActionType.ShellScriptAction">
            <ActionContent
               title = "Run Script"
               scriptText = "/Users/mudox/Dev/apple/xcode-project-startup-files/PreRun.sh">
               <EnvironmentBuildable>
                  <BuildableReference
                     BuildableIdentifier = "primary"
                     BlueprintIdentifier = "F4C27FDB1D81A106006E1487"
                     BuildableName = "YiDaIOSSwiftPractices.app"
                     BlueprintName = "YiDaIOSSwiftPractices"
                     ReferencedContainer = "container:YiDaIOSSwiftPractices.xcodeproj">
                  </BuildableReference>
               </EnvironmentBuildable>
            </ActionContent>
         </ExecutionAction>
      </PreActions>
      <BuildableProductRunnable
         runnableDebuggingMode = "0">
         <BuildableReference
            BuildableIdentifier = "primary"
            BlueprintIdentifier = "F4C27FDB1D81A106006E1487"
            BuildableName = "YiDaIOSSwiftPractices.app"
            BlueprintName = "YiDaIOSSwiftPractices"
            ReferencedContainer = "container:YiDaIOSSwiftPractices.xcodeproj">
         </BuildableReference>
      </BuildableProductRunnable>
      <EnvironmentVariables>
         <EnvironmentVariable
            key = "OS_ACTIVITY_MODE"
            value = "disable"
            isEnabled = "YES">
         </EnvironmentVariable>
      </EnvironmentVariables>
      <AdditionalOptions>
      </AdditionalOptions>
   </LaunchAction>
   <ProfileAction
      buildConfiguration = "Release"
      shouldUseLaunchSchemeArgsEnv = "YES"
      savedToolIdentifier = ""
      useCustomWorkingDirectory = "NO"
      debugDocumentVersioning = "YES">
      <BuildableProductRunnable
         runnableDebuggingMode = "0">
         <BuildableReference
            BuildableIdentifier = "primary"
            BlueprintIdentifier = "F4C27FDB1D81A106006E1487"
            BuildableName = "YiDaIOSSwiftPractices.app"
            BlueprintName = "YiDaIOSSwiftPractices"
            ReferencedContainer = "container:YiDaIOSSwiftPractices.xcodeproj">
         </BuildableReference>
      </BuildableProductRunnable>
   </ProfileAction>
   <AnalyzeAction
      buildConfiguration = "Debug">
   </AnalyzeAction>
   <ArchiveAction
      buildConfiguration = "Release"
      revealArchiveInOrganizer = "YES">
   </ArchiveAction>
</Scheme>
